// !$*UTF8*$!
{
	archiveVersion = 1;
	classes = {
	};
	objectVersion = 50;
	objects = {

/* Begin PBXBuildFile section */
		064FFEE9227AD39A004ED6A1 /* AppointAprovedViewController.swift in Sources */ = {isa = PBXBuildFile; fileRef = 064FFEE8227AD39A004ED6A1 /* AppointAprovedViewController.swift */; };
		064FFEEB227AD3B1004ED6A1 /* AppointDeclinedViewController.swift in Sources */ = {isa = PBXBuildFile; fileRef = 064FFEEA227AD3B1004ED6A1 /* AppointDeclinedViewController.swift */; };
		064FFEED227AD3C5004ED6A1 /* AppointPendingViewController.swift in Sources */ = {isa = PBXBuildFile; fileRef = 064FFEEC227AD3C5004ED6A1 /* AppointPendingViewController.swift */; };
		065039872278192100F83929 /* PrivacyPolicyViewController.swift in Sources */ = {isa = PBXBuildFile; fileRef = 065039862278192100F83929 /* PrivacyPolicyViewController.swift */; };
		06575E9522829A98007E95BF /* SeeADocViewController.swift in Sources */ = {isa = PBXBuildFile; fileRef = 06575E9422829A98007E95BF /* SeeADocViewController.swift */; };
		06575E9722829AAF007E95BF /* SeeADocTableViewCell.swift in Sources */ = {isa = PBXBuildFile; fileRef = 06575E9622829AAF007E95BF /* SeeADocTableViewCell.swift */; };
		06575E9922829CD8007E95BF /* Utils.swift in Sources */ = {isa = PBXBuildFile; fileRef = 06575E9822829CD8007E95BF /* Utils.swift */; };
		06575E9D2282B413007E95BF /* VisitForViewController.swift in Sources */ = {isa = PBXBuildFile; fileRef = 06575E9C2282B413007E95BF /* VisitForViewController.swift */; };
		06575EA12282B44F007E95BF /* VisitReasonViewController.swift in Sources */ = {isa = PBXBuildFile; fileRef = 06575EA02282B44F007E95BF /* VisitReasonViewController.swift */; };
		06575EA32282B47F007E95BF /* VisitReasonTableViewCell.swift in Sources */ = {isa = PBXBuildFile; fileRef = 06575EA22282B47F007E95BF /* VisitReasonTableViewCell.swift */; };
		06575ED52282C76E007E95BF /* CinzelDecorative-Regular.ttf in Resources */ = {isa = PBXBuildFile; fileRef = 06575ED22282C76E007E95BF /* CinzelDecorative-Regular.ttf */; };
		06575ED62282C76E007E95BF /* CinzelDecorative-Bold.ttf in Resources */ = {isa = PBXBuildFile; fileRef = 06575ED32282C76E007E95BF /* CinzelDecorative-Bold.ttf */; };
		06575ED72282C76E007E95BF /* CinzelDecorative-Black.ttf in Resources */ = {isa = PBXBuildFile; fileRef = 06575ED42282C76E007E95BF /* CinzelDecorative-Black.ttf */; };
		06575EEB2282C78C007E95BF /* Raleway-BoldItalic.ttf in Resources */ = {isa = PBXBuildFile; fileRef = 06575ED82282C78B007E95BF /* Raleway-BoldItalic.ttf */; };
		06575EEC2282C78C007E95BF /* Raleway-SemiBold.ttf in Resources */ = {isa = PBXBuildFile; fileRef = 06575ED92282C78B007E95BF /* Raleway-SemiBold.ttf */; };
		06575EED2282C78C007E95BF /* Raleway-Bold.ttf in Resources */ = {isa = PBXBuildFile; fileRef = 06575EDA2282C78B007E95BF /* Raleway-Bold.ttf */; };
		06575EEE2282C78C007E95BF /* OFL.txt in Resources */ = {isa = PBXBuildFile; fileRef = 06575EDB2282C78B007E95BF /* OFL.txt */; };
		06575EEF2282C78C007E95BF /* Raleway-Black.ttf in Resources */ = {isa = PBXBuildFile; fileRef = 06575EDC2282C78B007E95BF /* Raleway-Black.ttf */; };
		06575EF02282C78C007E95BF /* Raleway-Italic.ttf in Resources */ = {isa = PBXBuildFile; fileRef = 06575EDD2282C78B007E95BF /* Raleway-Italic.ttf */; };
		06575EF12282C78C007E95BF /* Raleway-MediumItalic.ttf in Resources */ = {isa = PBXBuildFile; fileRef = 06575EDE2282C78B007E95BF /* Raleway-MediumItalic.ttf */; };
		06575EF22282C78C007E95BF /* Raleway-ExtraLightItalic.ttf in Resources */ = {isa = PBXBuildFile; fileRef = 06575EDF2282C78C007E95BF /* Raleway-ExtraLightItalic.ttf */; };
		06575EF32282C78C007E95BF /* Raleway-Medium.ttf in Resources */ = {isa = PBXBuildFile; fileRef = 06575EE02282C78C007E95BF /* Raleway-Medium.ttf */; };
		06575EF42282C78C007E95BF /* Raleway-Regular.ttf in Resources */ = {isa = PBXBuildFile; fileRef = 06575EE12282C78C007E95BF /* Raleway-Regular.ttf */; };
		06575EF52282C78C007E95BF /* Raleway-SemiBoldItalic.ttf in Resources */ = {isa = PBXBuildFile; fileRef = 06575EE22282C78C007E95BF /* Raleway-SemiBoldItalic.ttf */; };
		06575EF62282C78C007E95BF /* Raleway-Thin.ttf in Resources */ = {isa = PBXBuildFile; fileRef = 06575EE32282C78C007E95BF /* Raleway-Thin.ttf */; };
		06575EF72282C78C007E95BF /* Raleway-ExtraBold.ttf in Resources */ = {isa = PBXBuildFile; fileRef = 06575EE42282C78C007E95BF /* Raleway-ExtraBold.ttf */; };
		06575EF82282C78C007E95BF /* Raleway-BlackItalic.ttf in Resources */ = {isa = PBXBuildFile; fileRef = 06575EE52282C78C007E95BF /* Raleway-BlackItalic.ttf */; };
		06575EF92282C78C007E95BF /* Raleway-ThinItalic.ttf in Resources */ = {isa = PBXBuildFile; fileRef = 06575EE62282C78C007E95BF /* Raleway-ThinItalic.ttf */; };
		06575EFA2282C78C007E95BF /* Raleway-Light.ttf in Resources */ = {isa = PBXBuildFile; fileRef = 06575EE72282C78C007E95BF /* Raleway-Light.ttf */; };
		06575EFB2282C78D007E95BF /* Raleway-ExtraBoldItalic.ttf in Resources */ = {isa = PBXBuildFile; fileRef = 06575EE82282C78C007E95BF /* Raleway-ExtraBoldItalic.ttf */; };
		06575EFC2282C78D007E95BF /* Raleway-ExtraLight.ttf in Resources */ = {isa = PBXBuildFile; fileRef = 06575EE92282C78C007E95BF /* Raleway-ExtraLight.ttf */; };
		06575EFD2282C78D007E95BF /* Raleway-LightItalic.ttf in Resources */ = {isa = PBXBuildFile; fileRef = 06575EEA2282C78C007E95BF /* Raleway-LightItalic.ttf */; };
		06575EFF2282D0F0007E95BF /* SymptomsViewController.swift in Sources */ = {isa = PBXBuildFile; fileRef = 06575EFE2282D0F0007E95BF /* SymptomsViewController.swift */; };
		06575F012282D182007E95BF /* SymptomsTableViewCell.swift in Sources */ = {isa = PBXBuildFile; fileRef = 06575F002282D182007E95BF /* SymptomsTableViewCell.swift */; };
		06575F032282EAEA007E95BF /* MedicalViewController.swift in Sources */ = {isa = PBXBuildFile; fileRef = 06575F022282EAEA007E95BF /* MedicalViewController.swift */; };
		06575F052282ECEC007E95BF /* MedicalTableViewCell.swift in Sources */ = {isa = PBXBuildFile; fileRef = 06575F042282ECEC007E95BF /* MedicalTableViewCell.swift */; };
		065AC0B1227839540099B7BF /* DocDetailViewController.swift in Sources */ = {isa = PBXBuildFile; fileRef = 065AC0B0227839540099B7BF /* DocDetailViewController.swift */; };
		065AC0B322786BDA0099B7BF /* MedicalHistoryViewController.swift in Sources */ = {isa = PBXBuildFile; fileRef = 065AC0B222786BDA0099B7BF /* MedicalHistoryViewController.swift */; };
		065AC0B7227878BC0099B7BF /* MedicalHistoryCollectionViewCell.swift in Sources */ = {isa = PBXBuildFile; fileRef = 065AC0B6227878BC0099B7BF /* MedicalHistoryCollectionViewCell.swift */; };
		065B036522816058006EBA5A /* CarePlanViewController.swift in Sources */ = {isa = PBXBuildFile; fileRef = 065B036422816057006EBA5A /* CarePlanViewController.swift */; };
		065B0367228160A1006EBA5A /* CarePlanTableViewCell.swift in Sources */ = {isa = PBXBuildFile; fileRef = 065B0366228160A1006EBA5A /* CarePlanTableViewCell.swift */; };
		065FFE852283E9BC009D2AD3 /* AddChildViewController.swift in Sources */ = {isa = PBXBuildFile; fileRef = 065FFE842283E9BC009D2AD3 /* AddChildViewController.swift */; };
		065FFE872284263E009D2AD3 /* scheduleViewController.swift in Sources */ = {isa = PBXBuildFile; fileRef = 065FFE862284263E009D2AD3 /* scheduleViewController.swift */; };
		065FFE8922842694009D2AD3 /* SpecialityViewController.swift in Sources */ = {isa = PBXBuildFile; fileRef = 065FFE8822842694009D2AD3 /* SpecialityViewController.swift */; };
		065FFE8B228427E5009D2AD3 /* SpecialityTableViewCell.swift in Sources */ = {isa = PBXBuildFile; fileRef = 065FFE8A228427E5009D2AD3 /* SpecialityTableViewCell.swift */; };
		065FFE8D22842DE0009D2AD3 /* Speciality.swift in Sources */ = {isa = PBXBuildFile; fileRef = 065FFE8C22842DE0009D2AD3 /* Speciality.swift */; };
		0660ABDE228D328A001BFFD0 /* AvailabilityTableViewCell.swift in Sources */ = {isa = PBXBuildFile; fileRef = 0660ABDD228D328A001BFFD0 /* AvailabilityTableViewCell.swift */; };
		0660ABE0228D32AA001BFFD0 /* AvailabilityViewController.swift in Sources */ = {isa = PBXBuildFile; fileRef = 0660ABDF228D32AA001BFFD0 /* AvailabilityViewController.swift */; };
		0661BAFD2289441B00D459B2 /* DoctorViewController.swift in Sources */ = {isa = PBXBuildFile; fileRef = 0661BAFC2289441B00D459B2 /* DoctorViewController.swift */; };
		0661BAFF2289452000D459B2 /* DoctorBioViewController.swift in Sources */ = {isa = PBXBuildFile; fileRef = 0661BAFE2289452000D459B2 /* DoctorBioViewController.swift */; };
		0661BB012289484800D459B2 /* DoctorTableViewCell.swift in Sources */ = {isa = PBXBuildFile; fileRef = 0661BB002289484800D459B2 /* DoctorTableViewCell.swift */; };
		0661BB0322895BF600D459B2 /* Doctor.swift in Sources */ = {isa = PBXBuildFile; fileRef = 0661BB0222895BF600D459B2 /* Doctor.swift */; };
		066595E22273096200E893F5 /* AppDelegate.swift in Sources */ = {isa = PBXBuildFile; fileRef = 066595E12273096200E893F5 /* AppDelegate.swift */; };
		066595E42273096200E893F5 /* ViewController.swift in Sources */ = {isa = PBXBuildFile; fileRef = 066595E32273096200E893F5 /* ViewController.swift */; };
		066595E72273096200E893F5 /* Main.storyboard in Resources */ = {isa = PBXBuildFile; fileRef = 066595E52273096200E893F5 /* Main.storyboard */; };
		066595EA2273096200E893F5 /* WbmHealth.xcdatamodeld in Sources */ = {isa = PBXBuildFile; fileRef = 066595E82273096200E893F5 /* WbmHealth.xcdatamodeld */; };
		066595EC2273096400E893F5 /* Assets.xcassets in Resources */ = {isa = PBXBuildFile; fileRef = 066595EB2273096400E893F5 /* Assets.xcassets */; };
		066595EF2273096400E893F5 /* LaunchScreen.storyboard in Resources */ = {isa = PBXBuildFile; fileRef = 066595ED2273096400E893F5 /* LaunchScreen.storyboard */; };
		066595FA2273096400E893F5 /* WbmHealthTests.swift in Sources */ = {isa = PBXBuildFile; fileRef = 066595F92273096400E893F5 /* WbmHealthTests.swift */; };
		066596052273096400E893F5 /* WbmHealthUITests.swift in Sources */ = {isa = PBXBuildFile; fileRef = 066596042273096400E893F5 /* WbmHealthUITests.swift */; };
		066F8C6E227AF11000451E6D /* WbmDefaults.swift in Sources */ = {isa = PBXBuildFile; fileRef = 066F8C6D227AF11000451E6D /* WbmDefaults.swift */; };
		066F8C72227B19DD00451E6D /* Labortaries.swift in Sources */ = {isa = PBXBuildFile; fileRef = 066F8C71227B19DD00451E6D /* Labortaries.swift */; };
		067A64E722802E1100E51319 /* LabCategory.swift in Sources */ = {isa = PBXBuildFile; fileRef = 067A64E622802E1100E51319 /* LabCategory.swift */; };
		067A64E9228036FC00E51319 /* LabDetail.swift in Sources */ = {isa = PBXBuildFile; fileRef = 067A64E8228036FC00E51319 /* LabDetail.swift */; };
		067A64EB228037CA00E51319 /* Test.swift in Sources */ = {isa = PBXBuildFile; fileRef = 067A64EA228037CA00E51319 /* Test.swift */; };
		067A64ED2280384400E51319 /* Photo.swift in Sources */ = {isa = PBXBuildFile; fileRef = 067A64EC2280384400E51319 /* Photo.swift */; };
		067A9AEA228EB6BC00242F32 /* DocBio.swift in Sources */ = {isa = PBXBuildFile; fileRef = 067A9AE9228EB6BC00242F32 /* DocBio.swift */; };
		067A9AEC228ECE5D00242F32 /* LanguageCollectionViewCell.swift in Sources */ = {isa = PBXBuildFile; fileRef = 067A9AEB228ECE5D00242F32 /* LanguageCollectionViewCell.swift */; };
		067E2D942276D10A00E313A7 /* LabortaryTableViewCell.swift in Sources */ = {isa = PBXBuildFile; fileRef = 067E2D932276D10A00E313A7 /* LabortaryTableViewCell.swift */; };
		067E2D962276D12F00E313A7 /* LabortaryViewController.swift in Sources */ = {isa = PBXBuildFile; fileRef = 067E2D952276D12F00E313A7 /* LabortaryViewController.swift */; };
		067E2D982276E3FF00E313A7 /* LabCategoryViewController.swift in Sources */ = {isa = PBXBuildFile; fileRef = 067E2D972276E3FF00E313A7 /* LabCategoryViewController.swift */; };
		067E2D9A2276E42300E313A7 /* LabCategoryTableViewCell.swift in Sources */ = {isa = PBXBuildFile; fileRef = 067E2D992276E42300E313A7 /* LabCategoryTableViewCell.swift */; };
		067E2D9C2276F28E00E313A7 /* LabTestDetailViewController.swift in Sources */ = {isa = PBXBuildFile; fileRef = 067E2D9B2276F28E00E313A7 /* LabTestDetailViewController.swift */; };
		067E2D9E2277110500E313A7 /* HospitalViewController.swift in Sources */ = {isa = PBXBuildFile; fileRef = 067E2D9D2277110500E313A7 /* HospitalViewController.swift */; };
		067E2DA22277118E00E313A7 /* HospitalTableViewCell.swift in Sources */ = {isa = PBXBuildFile; fileRef = 067E2DA12277118E00E313A7 /* HospitalTableViewCell.swift */; };
		067E2DA42277251700E313A7 /* SeeDocViewController.swift in Sources */ = {isa = PBXBuildFile; fileRef = 067E2DA32277251700E313A7 /* SeeDocViewController.swift */; };
		067E2DA62277258E00E313A7 /* SeeDocTableViewCell.swift in Sources */ = {isa = PBXBuildFile; fileRef = 067E2DA52277258E00E313A7 /* SeeDocTableViewCell.swift */; };
		067E2DA822772F0C00E313A7 /* DoctorsTableViewCell.swift in Sources */ = {isa = PBXBuildFile; fileRef = 067E2DA722772F0C00E313A7 /* DoctorsTableViewCell.swift */; };
		067E2DAA22772F2400E313A7 /* DoctorsViewController.swift in Sources */ = {isa = PBXBuildFile; fileRef = 067E2DA922772F2400E313A7 /* DoctorsViewController.swift */; };
		067E2DAC227741F300E313A7 /* ContactusViewController.swift in Sources */ = {isa = PBXBuildFile; fileRef = 067E2DAB227741F300E313A7 /* ContactusViewController.swift */; };
		068E776B229272F10015210C /* ExperianceTableViewCell.swift in Sources */ = {isa = PBXBuildFile; fileRef = 068E776A229272F10015210C /* ExperianceTableViewCell.swift */; };
		068E776D229273070015210C /* QualificationTableViewCell.swift in Sources */ = {isa = PBXBuildFile; fileRef = 068E776C229273070015210C /* QualificationTableViewCell.swift */; };
		068E777122927EB30015210C /* Qualification.swift in Sources */ = {isa = PBXBuildFile; fileRef = 068E777022927EB30015210C /* Qualification.swift */; };
		068E7774229286050015210C /* ExperianceDetails.swift in Sources */ = {isa = PBXBuildFile; fileRef = 068E7773229286050015210C /* ExperianceDetails.swift */; };
		068E777822928B710015210C /* TextField.swift in Sources */ = {isa = PBXBuildFile; fileRef = 068E777722928B710015210C /* TextField.swift */; };
		06AB20782276B57500FF00C7 /* WorkoutCategoriesController.swift in Sources */ = {isa = PBXBuildFile; fileRef = 06AB20772276B57500FF00C7 /* WorkoutCategoriesController.swift */; };
		06AB207A2276B59100FF00C7 /* WorkoutDetailViewController.swift in Sources */ = {isa = PBXBuildFile; fileRef = 06AB20792276B59100FF00C7 /* WorkoutDetailViewController.swift */; };
		06AB207C2276B6A800FF00C7 /* WorkoutCategoryCollectionCell.swift in Sources */ = {isa = PBXBuildFile; fileRef = 06AB207B2276B6A800FF00C7 /* WorkoutCategoryCollectionCell.swift */; };
		06BDB91F22733BFD007F4ED2 /* MainViewController.swift in Sources */ = {isa = PBXBuildFile; fileRef = 06BDB91E22733BFD007F4ED2 /* MainViewController.swift */; };
		06BDB92122734348007F4ED2 /* LeftTableViewCell.swift in Sources */ = {isa = PBXBuildFile; fileRef = 06BDB92022734348007F4ED2 /* LeftTableViewCell.swift */; };
		06BDB92322734811007F4ED2 /* AppUtils.swift in Sources */ = {isa = PBXBuildFile; fileRef = 06BDB92222734811007F4ED2 /* AppUtils.swift */; };
		06BDB9262273493E007F4ED2 /* SideMenu.swift in Sources */ = {isa = PBXBuildFile; fileRef = 06BDB9252273493E007F4ED2 /* SideMenu.swift */; };
		06BDB92922734BD8007F4ED2 /* LeftMenuViewController.swift in Sources */ = {isa = PBXBuildFile; fileRef = 06BDB92822734BD8007F4ED2 /* LeftMenuViewController.swift */; };
		06D5F94E228A8514008E7EC4 /* Registration.storyboard in Resources */ = {isa = PBXBuildFile; fileRef = 06D5F94D228A8514008E7EC4 /* Registration.storyboard */; };
		06D5F950228A8E98008E7EC4 /* LoginViewController.swift in Sources */ = {isa = PBXBuildFile; fileRef = 06D5F94F228A8E98008E7EC4 /* LoginViewController.swift */; };
		06D5F952228A8EAE008E7EC4 /* VerifyCodeLoginViewController.swift in Sources */ = {isa = PBXBuildFile; fileRef = 06D5F951228A8EAE008E7EC4 /* VerifyCodeLoginViewController.swift */; };
		06D5F954228A8EC7008E7EC4 /* RegisterEmailViewController.swift in Sources */ = {isa = PBXBuildFile; fileRef = 06D5F953228A8EC7008E7EC4 /* RegisterEmailViewController.swift */; };
		06D5F956228A905D008E7EC4 /* t_s.bmp in Resources */ = {isa = PBXBuildFile; fileRef = 06D5F955228A905D008E7EC4 /* t_s.bmp */; };
		06D5F95B228A9F18008E7EC4 /* VerifyCodeViewController.swift in Sources */ = {isa = PBXBuildFile; fileRef = 06D5F95A228A9F18008E7EC4 /* VerifyCodeViewController.swift */; };
		06D5F95D228AA523008E7EC4 /* PasswordViewController.swift in Sources */ = {isa = PBXBuildFile; fileRef = 06D5F95C228AA523008E7EC4 /* PasswordViewController.swift */; };
		06D5F960228ACBF7008E7EC4 /* CreateFamilyViewController.swift in Sources */ = {isa = PBXBuildFile; fileRef = 06D5F95F228ACBF7008E7EC4 /* CreateFamilyViewController.swift */; };
		06D5F963228ACC21008E7EC4 /* AddFamilyViewController.swift in Sources */ = {isa = PBXBuildFile; fileRef = 06D5F962228ACC21008E7EC4 /* AddFamilyViewController.swift */; };
		06D66C10228AD6D700823E92 /* AddFamilyTableViewCell.swift in Sources */ = {isa = PBXBuildFile; fileRef = 06D66C0F228AD6D700823E92 /* AddFamilyTableViewCell.swift */; };
		B350BDCD227592E2000447BC /* WorkoutViewController.swift in Sources */ = {isa = PBXBuildFile; fileRef = B350BDCC227592E2000447BC /* WorkoutViewController.swift */; };
		B350BDCF22759320000447BC /* WorkoutCollectionCell.swift in Sources */ = {isa = PBXBuildFile; fileRef = B350BDCE22759320000447BC /* WorkoutCollectionCell.swift */; };
		B3E64D612274C84500C1A9A9 /* TopCollectionViewCell.swift in Sources */ = {isa = PBXBuildFile; fileRef = B3E64D602274C84500C1A9A9 /* TopCollectionViewCell.swift */; };
		B3E64D632274C85B00C1A9A9 /* TestCollectionViewCell.swift in Sources */ = {isa = PBXBuildFile; fileRef = B3E64D622274C85B00C1A9A9 /* TestCollectionViewCell.swift */; };
		CCC465708B62987429EA4D71 /* Pods_WbmHealthUITests.framework in Frameworks */ = {isa = PBXBuildFile; fileRef = 04B7D099CEA2DF8640F21630 /* Pods_WbmHealthUITests.framework */; };
		E4A3D2B951476D4BAD96B295 /* Pods_WbmHealth.framework in Frameworks */ = {isa = PBXBuildFile; fileRef = 5B5E1DFC782D9251946CDE69 /* Pods_WbmHealth.framework */; };
		F7494ABE4CD44458EE08CC6F /* Pods_WbmHealthTests.framework in Frameworks */ = {isa = PBXBuildFile; fileRef = DA016A690EFDE4286F800818 /* Pods_WbmHealthTests.framework */; };
/* End PBXBuildFile section */

/* Begin PBXContainerItemProxy section */
		066595F62273096400E893F5 /* PBXContainerItemProxy */ = {
			isa = PBXContainerItemProxy;
			containerPortal = 066595D62273096200E893F5 /* Project object */;
			proxyType = 1;
			remoteGlobalIDString = 066595DD2273096200E893F5;
			remoteInfo = WbmHealth;
		};
		066596012273096400E893F5 /* PBXContainerItemProxy */ = {
			isa = PBXContainerItemProxy;
			containerPortal = 066595D62273096200E893F5 /* Project object */;
			proxyType = 1;
			remoteGlobalIDString = 066595DD2273096200E893F5;
			remoteInfo = WbmHealth;
		};
/* End PBXContainerItemProxy section */

/* Begin PBXFileReference section */
		04B7D099CEA2DF8640F21630 /* Pods_WbmHealthUITests.framework */ = {isa = PBXFileReference; explicitFileType = wrapper.framework; includeInIndex = 0; path = Pods_WbmHealthUITests.framework; sourceTree = BUILT_PRODUCTS_DIR; };
		064FFEE8227AD39A004ED6A1 /* AppointAprovedViewController.swift */ = {isa = PBXFileReference; lastKnownFileType = sourcecode.swift; path = AppointAprovedViewController.swift; sourceTree = "<group>"; };
		064FFEEA227AD3B1004ED6A1 /* AppointDeclinedViewController.swift */ = {isa = PBXFileReference; lastKnownFileType = sourcecode.swift; path = AppointDeclinedViewController.swift; sourceTree = "<group>"; };
		064FFEEC227AD3C5004ED6A1 /* AppointPendingViewController.swift */ = {isa = PBXFileReference; lastKnownFileType = sourcecode.swift; path = AppointPendingViewController.swift; sourceTree = "<group>"; };
		065039862278192100F83929 /* PrivacyPolicyViewController.swift */ = {isa = PBXFileReference; lastKnownFileType = sourcecode.swift; path = PrivacyPolicyViewController.swift; sourceTree = "<group>"; };
		06575E9422829A98007E95BF /* SeeADocViewController.swift */ = {isa = PBXFileReference; lastKnownFileType = sourcecode.swift; path = SeeADocViewController.swift; sourceTree = "<group>"; };
		06575E9622829AAF007E95BF /* SeeADocTableViewCell.swift */ = {isa = PBXFileReference; lastKnownFileType = sourcecode.swift; path = SeeADocTableViewCell.swift; sourceTree = "<group>"; };
		06575E9822829CD8007E95BF /* Utils.swift */ = {isa = PBXFileReference; lastKnownFileType = sourcecode.swift; path = Utils.swift; sourceTree = "<group>"; };
		06575E9C2282B413007E95BF /* VisitForViewController.swift */ = {isa = PBXFileReference; lastKnownFileType = sourcecode.swift; path = VisitForViewController.swift; sourceTree = "<group>"; };
		06575EA02282B44F007E95BF /* VisitReasonViewController.swift */ = {isa = PBXFileReference; lastKnownFileType = sourcecode.swift; path = VisitReasonViewController.swift; sourceTree = "<group>"; };
		06575EA22282B47F007E95BF /* VisitReasonTableViewCell.swift */ = {isa = PBXFileReference; lastKnownFileType = sourcecode.swift; path = VisitReasonTableViewCell.swift; sourceTree = "<group>"; };
		06575ED22282C76E007E95BF /* CinzelDecorative-Regular.ttf */ = {isa = PBXFileReference; lastKnownFileType = file; name = "CinzelDecorative-Regular.ttf"; path = "../../../../../Downloads/fonts/Cinzel_Decorative/CinzelDecorative-Regular.ttf"; sourceTree = "<group>"; };
		06575ED32282C76E007E95BF /* CinzelDecorative-Bold.ttf */ = {isa = PBXFileReference; lastKnownFileType = file; name = "CinzelDecorative-Bold.ttf"; path = "../../../../../Downloads/fonts/Cinzel_Decorative/CinzelDecorative-Bold.ttf"; sourceTree = "<group>"; };
		06575ED42282C76E007E95BF /* CinzelDecorative-Black.ttf */ = {isa = PBXFileReference; lastKnownFileType = file; name = "CinzelDecorative-Black.ttf"; path = "../../../../../Downloads/fonts/Cinzel_Decorative/CinzelDecorative-Black.ttf"; sourceTree = "<group>"; };
		06575ED82282C78B007E95BF /* Raleway-BoldItalic.ttf */ = {isa = PBXFileReference; lastKnownFileType = file; name = "Raleway-BoldItalic.ttf"; path = "../../../../../Downloads/fonts/Raleway/Raleway-BoldItalic.ttf"; sourceTree = "<group>"; };
		06575ED92282C78B007E95BF /* Raleway-SemiBold.ttf */ = {isa = PBXFileReference; lastKnownFileType = file; name = "Raleway-SemiBold.ttf"; path = "../../../../../Downloads/fonts/Raleway/Raleway-SemiBold.ttf"; sourceTree = "<group>"; };
		06575EDA2282C78B007E95BF /* Raleway-Bold.ttf */ = {isa = PBXFileReference; lastKnownFileType = file; name = "Raleway-Bold.ttf"; path = "../../../../../Downloads/fonts/Raleway/Raleway-Bold.ttf"; sourceTree = "<group>"; };
		06575EDB2282C78B007E95BF /* OFL.txt */ = {isa = PBXFileReference; fileEncoding = 4; lastKnownFileType = text; name = OFL.txt; path = ../../../../../Downloads/fonts/Raleway/OFL.txt; sourceTree = "<group>"; };
		06575EDC2282C78B007E95BF /* Raleway-Black.ttf */ = {isa = PBXFileReference; lastKnownFileType = file; name = "Raleway-Black.ttf"; path = "../../../../../Downloads/fonts/Raleway/Raleway-Black.ttf"; sourceTree = "<group>"; };
		06575EDD2282C78B007E95BF /* Raleway-Italic.ttf */ = {isa = PBXFileReference; lastKnownFileType = file; name = "Raleway-Italic.ttf"; path = "../../../../../Downloads/fonts/Raleway/Raleway-Italic.ttf"; sourceTree = "<group>"; };
		06575EDE2282C78B007E95BF /* Raleway-MediumItalic.ttf */ = {isa = PBXFileReference; lastKnownFileType = file; name = "Raleway-MediumItalic.ttf"; path = "../../../../../Downloads/fonts/Raleway/Raleway-MediumItalic.ttf"; sourceTree = "<group>"; };
		06575EDF2282C78C007E95BF /* Raleway-ExtraLightItalic.ttf */ = {isa = PBXFileReference; lastKnownFileType = file; name = "Raleway-ExtraLightItalic.ttf"; path = "../../../../../Downloads/fonts/Raleway/Raleway-ExtraLightItalic.ttf"; sourceTree = "<group>"; };
		06575EE02282C78C007E95BF /* Raleway-Medium.ttf */ = {isa = PBXFileReference; lastKnownFileType = file; name = "Raleway-Medium.ttf"; path = "../../../../../Downloads/fonts/Raleway/Raleway-Medium.ttf"; sourceTree = "<group>"; };
		06575EE12282C78C007E95BF /* Raleway-Regular.ttf */ = {isa = PBXFileReference; lastKnownFileType = file; name = "Raleway-Regular.ttf"; path = "../../../../../Downloads/fonts/Raleway/Raleway-Regular.ttf"; sourceTree = "<group>"; };
		06575EE22282C78C007E95BF /* Raleway-SemiBoldItalic.ttf */ = {isa = PBXFileReference; lastKnownFileType = file; name = "Raleway-SemiBoldItalic.ttf"; path = "../../../../../Downloads/fonts/Raleway/Raleway-SemiBoldItalic.ttf"; sourceTree = "<group>"; };
		06575EE32282C78C007E95BF /* Raleway-Thin.ttf */ = {isa = PBXFileReference; lastKnownFileType = file; name = "Raleway-Thin.ttf"; path = "../../../../../Downloads/fonts/Raleway/Raleway-Thin.ttf"; sourceTree = "<group>"; };
		06575EE42282C78C007E95BF /* Raleway-ExtraBold.ttf */ = {isa = PBXFileReference; lastKnownFileType = file; name = "Raleway-ExtraBold.ttf"; path = "../../../../../Downloads/fonts/Raleway/Raleway-ExtraBold.ttf"; sourceTree = "<group>"; };
		06575EE52282C78C007E95BF /* Raleway-BlackItalic.ttf */ = {isa = PBXFileReference; lastKnownFileType = file; name = "Raleway-BlackItalic.ttf"; path = "../../../../../Downloads/fonts/Raleway/Raleway-BlackItalic.ttf"; sourceTree = "<group>"; };
		06575EE62282C78C007E95BF /* Raleway-ThinItalic.ttf */ = {isa = PBXFileReference; lastKnownFileType = file; name = "Raleway-ThinItalic.ttf"; path = "../../../../../Downloads/fonts/Raleway/Raleway-ThinItalic.ttf"; sourceTree = "<group>"; };
		06575EE72282C78C007E95BF /* Raleway-Light.ttf */ = {isa = PBXFileReference; lastKnownFileType = file; name = "Raleway-Light.ttf"; path = "../../../../../Downloads/fonts/Raleway/Raleway-Light.ttf"; sourceTree = "<group>"; };
		06575EE82282C78C007E95BF /* Raleway-ExtraBoldItalic.ttf */ = {isa = PBXFileReference; lastKnownFileType = file; name = "Raleway-ExtraBoldItalic.ttf"; path = "../../../../../Downloads/fonts/Raleway/Raleway-ExtraBoldItalic.ttf"; sourceTree = "<group>"; };
		06575EE92282C78C007E95BF /* Raleway-ExtraLight.ttf */ = {isa = PBXFileReference; lastKnownFileType = file; name = "Raleway-ExtraLight.ttf"; path = "../../../../../Downloads/fonts/Raleway/Raleway-ExtraLight.ttf"; sourceTree = "<group>"; };
		06575EEA2282C78C007E95BF /* Raleway-LightItalic.ttf */ = {isa = PBXFileReference; lastKnownFileType = file; name = "Raleway-LightItalic.ttf"; path = "../../../../../Downloads/fonts/Raleway/Raleway-LightItalic.ttf"; sourceTree = "<group>"; };
		06575EFE2282D0F0007E95BF /* SymptomsViewController.swift */ = {isa = PBXFileReference; lastKnownFileType = sourcecode.swift; path = SymptomsViewController.swift; sourceTree = "<group>"; };
		06575F002282D182007E95BF /* SymptomsTableViewCell.swift */ = {isa = PBXFileReference; lastKnownFileType = sourcecode.swift; path = SymptomsTableViewCell.swift; sourceTree = "<group>"; };
		06575F022282EAEA007E95BF /* MedicalViewController.swift */ = {isa = PBXFileReference; lastKnownFileType = sourcecode.swift; path = MedicalViewController.swift; sourceTree = "<group>"; };
		06575F042282ECEC007E95BF /* MedicalTableViewCell.swift */ = {isa = PBXFileReference; lastKnownFileType = sourcecode.swift; path = MedicalTableViewCell.swift; sourceTree = "<group>"; };
		065AC0B0227839540099B7BF /* DocDetailViewController.swift */ = {isa = PBXFileReference; lastKnownFileType = sourcecode.swift; path = DocDetailViewController.swift; sourceTree = "<group>"; };
		065AC0B222786BDA0099B7BF /* MedicalHistoryViewController.swift */ = {isa = PBXFileReference; lastKnownFileType = sourcecode.swift; path = MedicalHistoryViewController.swift; sourceTree = "<group>"; };
		065AC0B6227878BC0099B7BF /* MedicalHistoryCollectionViewCell.swift */ = {isa = PBXFileReference; lastKnownFileType = sourcecode.swift; path = MedicalHistoryCollectionViewCell.swift; sourceTree = "<group>"; };
		065B036422816057006EBA5A /* CarePlanViewController.swift */ = {isa = PBXFileReference; lastKnownFileType = sourcecode.swift; path = CarePlanViewController.swift; sourceTree = "<group>"; };
		065B0366228160A1006EBA5A /* CarePlanTableViewCell.swift */ = {isa = PBXFileReference; lastKnownFileType = sourcecode.swift; path = CarePlanTableViewCell.swift; sourceTree = "<group>"; };
		065FFE842283E9BC009D2AD3 /* AddChildViewController.swift */ = {isa = PBXFileReference; lastKnownFileType = sourcecode.swift; path = AddChildViewController.swift; sourceTree = "<group>"; };
		065FFE862284263E009D2AD3 /* scheduleViewController.swift */ = {isa = PBXFileReference; lastKnownFileType = sourcecode.swift; path = scheduleViewController.swift; sourceTree = "<group>"; };
		065FFE8822842694009D2AD3 /* SpecialityViewController.swift */ = {isa = PBXFileReference; lastKnownFileType = sourcecode.swift; path = SpecialityViewController.swift; sourceTree = "<group>"; };
		065FFE8A228427E5009D2AD3 /* SpecialityTableViewCell.swift */ = {isa = PBXFileReference; lastKnownFileType = sourcecode.swift; path = SpecialityTableViewCell.swift; sourceTree = "<group>"; };
		065FFE8C22842DE0009D2AD3 /* Speciality.swift */ = {isa = PBXFileReference; lastKnownFileType = sourcecode.swift; path = Speciality.swift; sourceTree = "<group>"; };
		0660ABDD228D328A001BFFD0 /* AvailabilityTableViewCell.swift */ = {isa = PBXFileReference; lastKnownFileType = sourcecode.swift; path = AvailabilityTableViewCell.swift; sourceTree = "<group>"; };
		0660ABDF228D32AA001BFFD0 /* AvailabilityViewController.swift */ = {isa = PBXFileReference; lastKnownFileType = sourcecode.swift; path = AvailabilityViewController.swift; sourceTree = "<group>"; };
		0661BAFC2289441B00D459B2 /* DoctorViewController.swift */ = {isa = PBXFileReference; lastKnownFileType = sourcecode.swift; path = DoctorViewController.swift; sourceTree = "<group>"; };
		0661BAFE2289452000D459B2 /* DoctorBioViewController.swift */ = {isa = PBXFileReference; lastKnownFileType = sourcecode.swift; path = DoctorBioViewController.swift; sourceTree = "<group>"; };
		0661BB002289484800D459B2 /* DoctorTableViewCell.swift */ = {isa = PBXFileReference; lastKnownFileType = sourcecode.swift; path = DoctorTableViewCell.swift; sourceTree = "<group>"; };
		0661BB0222895BF600D459B2 /* Doctor.swift */ = {isa = PBXFileReference; lastKnownFileType = sourcecode.swift; path = Doctor.swift; sourceTree = "<group>"; };
		066595DE2273096200E893F5 /* WbmHealth.app */ = {isa = PBXFileReference; explicitFileType = wrapper.application; includeInIndex = 0; path = WbmHealth.app; sourceTree = BUILT_PRODUCTS_DIR; };
		066595E12273096200E893F5 /* AppDelegate.swift */ = {isa = PBXFileReference; lastKnownFileType = sourcecode.swift; path = AppDelegate.swift; sourceTree = "<group>"; };
		066595E32273096200E893F5 /* ViewController.swift */ = {isa = PBXFileReference; lastKnownFileType = sourcecode.swift; path = ViewController.swift; sourceTree = "<group>"; };
		066595E62273096200E893F5 /* Base */ = {isa = PBXFileReference; lastKnownFileType = file.storyboard; name = Base; path = Base.lproj/Main.storyboard; sourceTree = "<group>"; };
		066595E92273096200E893F5 /* WbmHealth.xcdatamodel */ = {isa = PBXFileReference; lastKnownFileType = wrapper.xcdatamodel; path = WbmHealth.xcdatamodel; sourceTree = "<group>"; };
		066595EB2273096400E893F5 /* Assets.xcassets */ = {isa = PBXFileReference; lastKnownFileType = folder.assetcatalog; path = Assets.xcassets; sourceTree = "<group>"; };
		066595EE2273096400E893F5 /* Base */ = {isa = PBXFileReference; lastKnownFileType = file.storyboard; name = Base; path = Base.lproj/LaunchScreen.storyboard; sourceTree = "<group>"; };
		066595F02273096400E893F5 /* Info.plist */ = {isa = PBXFileReference; lastKnownFileType = text.plist.xml; path = Info.plist; sourceTree = "<group>"; };
		066595F52273096400E893F5 /* WbmHealthTests.xctest */ = {isa = PBXFileReference; explicitFileType = wrapper.cfbundle; includeInIndex = 0; path = WbmHealthTests.xctest; sourceTree = BUILT_PRODUCTS_DIR; };
		066595F92273096400E893F5 /* WbmHealthTests.swift */ = {isa = PBXFileReference; lastKnownFileType = sourcecode.swift; path = WbmHealthTests.swift; sourceTree = "<group>"; };
		066595FB2273096400E893F5 /* Info.plist */ = {isa = PBXFileReference; lastKnownFileType = text.plist.xml; path = Info.plist; sourceTree = "<group>"; };
		066596002273096400E893F5 /* WbmHealthUITests.xctest */ = {isa = PBXFileReference; explicitFileType = wrapper.cfbundle; includeInIndex = 0; path = WbmHealthUITests.xctest; sourceTree = BUILT_PRODUCTS_DIR; };
		066596042273096400E893F5 /* WbmHealthUITests.swift */ = {isa = PBXFileReference; lastKnownFileType = sourcecode.swift; path = WbmHealthUITests.swift; sourceTree = "<group>"; };
		066596062273096400E893F5 /* Info.plist */ = {isa = PBXFileReference; lastKnownFileType = text.plist.xml; path = Info.plist; sourceTree = "<group>"; };
		066F8C6D227AF11000451E6D /* WbmDefaults.swift */ = {isa = PBXFileReference; lastKnownFileType = sourcecode.swift; path = WbmDefaults.swift; sourceTree = "<group>"; };
		066F8C71227B19DD00451E6D /* Labortaries.swift */ = {isa = PBXFileReference; lastKnownFileType = sourcecode.swift; path = Labortaries.swift; sourceTree = "<group>"; };
		067A64E622802E1100E51319 /* LabCategory.swift */ = {isa = PBXFileReference; lastKnownFileType = sourcecode.swift; path = LabCategory.swift; sourceTree = "<group>"; };
		067A64E8228036FC00E51319 /* LabDetail.swift */ = {isa = PBXFileReference; lastKnownFileType = sourcecode.swift; path = LabDetail.swift; sourceTree = "<group>"; };
		067A64EA228037CA00E51319 /* Test.swift */ = {isa = PBXFileReference; lastKnownFileType = sourcecode.swift; path = Test.swift; sourceTree = "<group>"; };
		067A64EC2280384400E51319 /* Photo.swift */ = {isa = PBXFileReference; lastKnownFileType = sourcecode.swift; path = Photo.swift; sourceTree = "<group>"; };
		067A9AE9228EB6BC00242F32 /* DocBio.swift */ = {isa = PBXFileReference; lastKnownFileType = sourcecode.swift; path = DocBio.swift; sourceTree = "<group>"; };
		067A9AEB228ECE5D00242F32 /* LanguageCollectionViewCell.swift */ = {isa = PBXFileReference; lastKnownFileType = sourcecode.swift; path = LanguageCollectionViewCell.swift; sourceTree = "<group>"; };
		067E2D932276D10A00E313A7 /* LabortaryTableViewCell.swift */ = {isa = PBXFileReference; lastKnownFileType = sourcecode.swift; path = LabortaryTableViewCell.swift; sourceTree = "<group>"; };
		067E2D952276D12F00E313A7 /* LabortaryViewController.swift */ = {isa = PBXFileReference; lastKnownFileType = sourcecode.swift; path = LabortaryViewController.swift; sourceTree = "<group>"; };
		067E2D972276E3FF00E313A7 /* LabCategoryViewController.swift */ = {isa = PBXFileReference; lastKnownFileType = sourcecode.swift; path = LabCategoryViewController.swift; sourceTree = "<group>"; };
		067E2D992276E42300E313A7 /* LabCategoryTableViewCell.swift */ = {isa = PBXFileReference; lastKnownFileType = sourcecode.swift; path = LabCategoryTableViewCell.swift; sourceTree = "<group>"; };
		067E2D9B2276F28E00E313A7 /* LabTestDetailViewController.swift */ = {isa = PBXFileReference; lastKnownFileType = sourcecode.swift; path = LabTestDetailViewController.swift; sourceTree = "<group>"; };
		067E2D9D2277110500E313A7 /* HospitalViewController.swift */ = {isa = PBXFileReference; lastKnownFileType = sourcecode.swift; path = HospitalViewController.swift; sourceTree = "<group>"; };
		067E2DA12277118E00E313A7 /* HospitalTableViewCell.swift */ = {isa = PBXFileReference; lastKnownFileType = sourcecode.swift; name = HospitalTableViewCell.swift; path = "/Users/wbm/Desktop/Health 2/WbmHealth/WbmHealth/Cells/HospitalTableViewCell.swift"; sourceTree = "<absolute>"; };
		067E2DA32277251700E313A7 /* SeeDocViewController.swift */ = {isa = PBXFileReference; lastKnownFileType = sourcecode.swift; path = SeeDocViewController.swift; sourceTree = "<group>"; };
		067E2DA52277258E00E313A7 /* SeeDocTableViewCell.swift */ = {isa = PBXFileReference; lastKnownFileType = sourcecode.swift; path = SeeDocTableViewCell.swift; sourceTree = "<group>"; };
		067E2DA722772F0C00E313A7 /* DoctorsTableViewCell.swift */ = {isa = PBXFileReference; lastKnownFileType = sourcecode.swift; path = DoctorsTableViewCell.swift; sourceTree = "<group>"; };
		067E2DA922772F2400E313A7 /* DoctorsViewController.swift */ = {isa = PBXFileReference; lastKnownFileType = sourcecode.swift; path = DoctorsViewController.swift; sourceTree = "<group>"; };
		067E2DAB227741F300E313A7 /* ContactusViewController.swift */ = {isa = PBXFileReference; lastKnownFileType = sourcecode.swift; path = ContactusViewController.swift; sourceTree = "<group>"; };
		068E776A229272F10015210C /* ExperianceTableViewCell.swift */ = {isa = PBXFileReference; lastKnownFileType = sourcecode.swift; path = ExperianceTableViewCell.swift; sourceTree = "<group>"; };
		068E776C229273070015210C /* QualificationTableViewCell.swift */ = {isa = PBXFileReference; lastKnownFileType = sourcecode.swift; path = QualificationTableViewCell.swift; sourceTree = "<group>"; };
		068E777022927EB30015210C /* Qualification.swift */ = {isa = PBXFileReference; lastKnownFileType = sourcecode.swift; path = Qualification.swift; sourceTree = "<group>"; };
		068E7773229286050015210C /* ExperianceDetails.swift */ = {isa = PBXFileReference; lastKnownFileType = sourcecode.swift; path = ExperianceDetails.swift; sourceTree = "<group>"; };
		068E777722928B710015210C /* TextField.swift */ = {isa = PBXFileReference; lastKnownFileType = sourcecode.swift; path = TextField.swift; sourceTree = "<group>"; };
		06AB20772276B57500FF00C7 /* WorkoutCategoriesController.swift */ = {isa = PBXFileReference; lastKnownFileType = sourcecode.swift; path = WorkoutCategoriesController.swift; sourceTree = "<group>"; };
		06AB20792276B59100FF00C7 /* WorkoutDetailViewController.swift */ = {isa = PBXFileReference; lastKnownFileType = sourcecode.swift; path = WorkoutDetailViewController.swift; sourceTree = "<group>"; };
		06AB207B2276B6A800FF00C7 /* WorkoutCategoryCollectionCell.swift */ = {isa = PBXFileReference; lastKnownFileType = sourcecode.swift; path = WorkoutCategoryCollectionCell.swift; sourceTree = "<group>"; };
		06BDB91E22733BFD007F4ED2 /* MainViewController.swift */ = {isa = PBXFileReference; lastKnownFileType = sourcecode.swift; path = MainViewController.swift; sourceTree = "<group>"; };
		06BDB92022734348007F4ED2 /* LeftTableViewCell.swift */ = {isa = PBXFileReference; lastKnownFileType = sourcecode.swift; path = LeftTableViewCell.swift; sourceTree = "<group>"; };
		06BDB92222734811007F4ED2 /* AppUtils.swift */ = {isa = PBXFileReference; lastKnownFileType = sourcecode.swift; name = AppUtils.swift; path = "../New Group/AppUtils.swift"; sourceTree = "<group>"; };
		06BDB9252273493E007F4ED2 /* SideMenu.swift */ = {isa = PBXFileReference; lastKnownFileType = sourcecode.swift; path = SideMenu.swift; sourceTree = "<group>"; };
		06BDB92822734BD8007F4ED2 /* LeftMenuViewController.swift */ = {isa = PBXFileReference; lastKnownFileType = sourcecode.swift; path = LeftMenuViewController.swift; sourceTree = "<group>"; };
		06D5F94D228A8514008E7EC4 /* Registration.storyboard */ = {isa = PBXFileReference; lastKnownFileType = file.storyboard; path = Registration.storyboard; sourceTree = "<group>"; };
		06D5F94F228A8E98008E7EC4 /* LoginViewController.swift */ = {isa = PBXFileReference; lastKnownFileType = sourcecode.swift; path = LoginViewController.swift; sourceTree = "<group>"; };
		06D5F951228A8EAE008E7EC4 /* VerifyCodeLoginViewController.swift */ = {isa = PBXFileReference; lastKnownFileType = sourcecode.swift; path = VerifyCodeLoginViewController.swift; sourceTree = "<group>"; };
		06D5F953228A8EC7008E7EC4 /* RegisterEmailViewController.swift */ = {isa = PBXFileReference; lastKnownFileType = sourcecode.swift; path = RegisterEmailViewController.swift; sourceTree = "<group>"; };
		06D5F955228A905D008E7EC4 /* t_s.bmp */ = {isa = PBXFileReference; lastKnownFileType = image.bmp; name = t_s.bmp; path = ../../../../Downloads/t_s.bmp; sourceTree = "<group>"; };
		06D5F957228A9071008E7EC4 /* WbmHealth.entitlements */ = {isa = PBXFileReference; lastKnownFileType = text.plist.entitlements; path = WbmHealth.entitlements; sourceTree = "<group>"; };
		06D5F95A228A9F18008E7EC4 /* VerifyCodeViewController.swift */ = {isa = PBXFileReference; lastKnownFileType = sourcecode.swift; path = VerifyCodeViewController.swift; sourceTree = "<group>"; };
		06D5F95C228AA523008E7EC4 /* PasswordViewController.swift */ = {isa = PBXFileReference; lastKnownFileType = sourcecode.swift; path = PasswordViewController.swift; sourceTree = "<group>"; };
		06D5F95F228ACBF7008E7EC4 /* CreateFamilyViewController.swift */ = {isa = PBXFileReference; lastKnownFileType = sourcecode.swift; path = CreateFamilyViewController.swift; sourceTree = "<group>"; };
		06D5F962228ACC21008E7EC4 /* AddFamilyViewController.swift */ = {isa = PBXFileReference; lastKnownFileType = sourcecode.swift; path = AddFamilyViewController.swift; sourceTree = "<group>"; };
		06D66C0F228AD6D700823E92 /* AddFamilyTableViewCell.swift */ = {isa = PBXFileReference; lastKnownFileType = sourcecode.swift; path = AddFamilyTableViewCell.swift; sourceTree = "<group>"; };
		27FECD7EE9ECC59CC5EE1342 /* Pods-WbmHealthUITests.debug.xcconfig */ = {isa = PBXFileReference; includeInIndex = 1; lastKnownFileType = text.xcconfig; name = "Pods-WbmHealthUITests.debug.xcconfig"; path = "Target Support Files/Pods-WbmHealthUITests/Pods-WbmHealthUITests.debug.xcconfig"; sourceTree = "<group>"; };
		5509E1C851AEFCACF00E8807 /* Pods-WbmHealth.release.xcconfig */ = {isa = PBXFileReference; includeInIndex = 1; lastKnownFileType = text.xcconfig; name = "Pods-WbmHealth.release.xcconfig"; path = "Target Support Files/Pods-WbmHealth/Pods-WbmHealth.release.xcconfig"; sourceTree = "<group>"; };
		5B5E1DFC782D9251946CDE69 /* Pods_WbmHealth.framework */ = {isa = PBXFileReference; explicitFileType = wrapper.framework; includeInIndex = 0; path = Pods_WbmHealth.framework; sourceTree = BUILT_PRODUCTS_DIR; };
		637B0DB20D158DC8719BC3EB /* Pods-WbmHealthTests.debug.xcconfig */ = {isa = PBXFileReference; includeInIndex = 1; lastKnownFileType = text.xcconfig; name = "Pods-WbmHealthTests.debug.xcconfig"; path = "Target Support Files/Pods-WbmHealthTests/Pods-WbmHealthTests.debug.xcconfig"; sourceTree = "<group>"; };
		9B852DD3E4C6026F91BA58F1 /* Pods-WbmHealthTests.release.xcconfig */ = {isa = PBXFileReference; includeInIndex = 1; lastKnownFileType = text.xcconfig; name = "Pods-WbmHealthTests.release.xcconfig"; path = "Target Support Files/Pods-WbmHealthTests/Pods-WbmHealthTests.release.xcconfig"; sourceTree = "<group>"; };
		B350BDCC227592E2000447BC /* WorkoutViewController.swift */ = {isa = PBXFileReference; lastKnownFileType = sourcecode.swift; path = WorkoutViewController.swift; sourceTree = "<group>"; };
		B350BDCE22759320000447BC /* WorkoutCollectionCell.swift */ = {isa = PBXFileReference; lastKnownFileType = sourcecode.swift; path = WorkoutCollectionCell.swift; sourceTree = "<group>"; };
		B3E64D602274C84500C1A9A9 /* TopCollectionViewCell.swift */ = {isa = PBXFileReference; lastKnownFileType = sourcecode.swift; path = TopCollectionViewCell.swift; sourceTree = "<group>"; };
		B3E64D622274C85B00C1A9A9 /* TestCollectionViewCell.swift */ = {isa = PBXFileReference; lastKnownFileType = sourcecode.swift; path = TestCollectionViewCell.swift; sourceTree = "<group>"; };
		D1D66B245F7E2D7C16D56738 /* Pods-WbmHealth.debug.xcconfig */ = {isa = PBXFileReference; includeInIndex = 1; lastKnownFileType = text.xcconfig; name = "Pods-WbmHealth.debug.xcconfig"; path = "Target Support Files/Pods-WbmHealth/Pods-WbmHealth.debug.xcconfig"; sourceTree = "<group>"; };
		DA016A690EFDE4286F800818 /* Pods_WbmHealthTests.framework */ = {isa = PBXFileReference; explicitFileType = wrapper.framework; includeInIndex = 0; path = Pods_WbmHealthTests.framework; sourceTree = BUILT_PRODUCTS_DIR; };
		E160FA93AE04FC83FE109753 /* Pods-WbmHealthUITests.release.xcconfig */ = {isa = PBXFileReference; includeInIndex = 1; lastKnownFileType = text.xcconfig; name = "Pods-WbmHealthUITests.release.xcconfig"; path = "Target Support Files/Pods-WbmHealthUITests/Pods-WbmHealthUITests.release.xcconfig"; sourceTree = "<group>"; };
/* End PBXFileReference section */

/* Begin PBXFrameworksBuildPhase section */
		066595DB2273096200E893F5 /* Frameworks */ = {
			isa = PBXFrameworksBuildPhase;
			buildActionMask = 2147483647;
			files = (
				E4A3D2B951476D4BAD96B295 /* Pods_WbmHealth.framework in Frameworks */,
			);
			runOnlyForDeploymentPostprocessing = 0;
		};
		066595F22273096400E893F5 /* Frameworks */ = {
			isa = PBXFrameworksBuildPhase;
			buildActionMask = 2147483647;
			files = (
				F7494ABE4CD44458EE08CC6F /* Pods_WbmHealthTests.framework in Frameworks */,
			);
			runOnlyForDeploymentPostprocessing = 0;
		};
		066595FD2273096400E893F5 /* Frameworks */ = {
			isa = PBXFrameworksBuildPhase;
			buildActionMask = 2147483647;
			files = (
				CCC465708B62987429EA4D71 /* Pods_WbmHealthUITests.framework in Frameworks */,
			);
			runOnlyForDeploymentPostprocessing = 0;
		};
/* End PBXFrameworksBuildPhase section */

/* Begin PBXGroup section */
		064FFEEE227AD3FA004ED6A1 /* Appointment */ = {
			isa = PBXGroup;
			children = (
				064FFEE8227AD39A004ED6A1 /* AppointAprovedViewController.swift */,
				064FFEEA227AD3B1004ED6A1 /* AppointDeclinedViewController.swift */,
				064FFEEC227AD3C5004ED6A1 /* AppointPendingViewController.swift */,
			);
			path = Appointment;
			sourceTree = "<group>";
		};
		064FFEEF227AD418004ED6A1 /* Labortary */ = {
			isa = PBXGroup;
			children = (
				067E2D952276D12F00E313A7 /* LabortaryViewController.swift */,
				067E2D972276E3FF00E313A7 /* LabCategoryViewController.swift */,
				067E2D9B2276F28E00E313A7 /* LabTestDetailViewController.swift */,
			);
			path = Labortary;
			sourceTree = "<group>";
		};
		064FFEF0227AD476004ED6A1 /* Hospital Controllers */ = {
			isa = PBXGroup;
			children = (
				067E2D9D2277110500E313A7 /* HospitalViewController.swift */,
			);
			path = "Hospital Controllers";
			sourceTree = "<group>";
		};
		064FFEF1227AD4CF004ED6A1 /* Doctor Controller */ = {
			isa = PBXGroup;
			children = (
				067E2DA32277251700E313A7 /* SeeDocViewController.swift */,
				067E2DA922772F2400E313A7 /* DoctorsViewController.swift */,
				065AC0B0227839540099B7BF /* DocDetailViewController.swift */,
			);
			path = "Doctor Controller";
			sourceTree = "<group>";
		};
		06575ED12282C746007E95BF /* Fonts */ = {
			isa = PBXGroup;
			children = (
				06575ED42282C76E007E95BF /* CinzelDecorative-Black.ttf */,
				06575ED32282C76E007E95BF /* CinzelDecorative-Bold.ttf */,
				06575ED22282C76E007E95BF /* CinzelDecorative-Regular.ttf */,
				06575EDB2282C78B007E95BF /* OFL.txt */,
				06575EDC2282C78B007E95BF /* Raleway-Black.ttf */,
				06575EE52282C78C007E95BF /* Raleway-BlackItalic.ttf */,
				06575EDA2282C78B007E95BF /* Raleway-Bold.ttf */,
				06575ED82282C78B007E95BF /* Raleway-BoldItalic.ttf */,
				06575EE42282C78C007E95BF /* Raleway-ExtraBold.ttf */,
				06575EE82282C78C007E95BF /* Raleway-ExtraBoldItalic.ttf */,
				06575EE92282C78C007E95BF /* Raleway-ExtraLight.ttf */,
				06575EDF2282C78C007E95BF /* Raleway-ExtraLightItalic.ttf */,
				06575EDD2282C78B007E95BF /* Raleway-Italic.ttf */,
				06575EE72282C78C007E95BF /* Raleway-Light.ttf */,
				06575EEA2282C78C007E95BF /* Raleway-LightItalic.ttf */,
				06575EE02282C78C007E95BF /* Raleway-Medium.ttf */,
				06575EDE2282C78B007E95BF /* Raleway-MediumItalic.ttf */,
				06575EE12282C78C007E95BF /* Raleway-Regular.ttf */,
				06575ED92282C78B007E95BF /* Raleway-SemiBold.ttf */,
				06575EE22282C78C007E95BF /* Raleway-SemiBoldItalic.ttf */,
				06575EE32282C78C007E95BF /* Raleway-Thin.ttf */,
				06575EE62282C78C007E95BF /* Raleway-ThinItalic.ttf */,
			);
			path = Fonts;
			sourceTree = "<group>";
		};
		066595D52273096200E893F5 = {
			isa = PBXGroup;
			children = (
				066595E02273096200E893F5 /* WbmHealth */,
				066595F82273096400E893F5 /* WbmHealthTests */,
				066596032273096400E893F5 /* WbmHealthUITests */,
				066595DF2273096200E893F5 /* Products */,
				15A546FC9F938F9AC88B75EA /* Pods */,
				EDBDFBE8FDEFB6D76A3C9980 /* Frameworks */,
			);
			sourceTree = "<group>";
		};
		066595DF2273096200E893F5 /* Products */ = {
			isa = PBXGroup;
			children = (
				066595DE2273096200E893F5 /* WbmHealth.app */,
				066595F52273096400E893F5 /* WbmHealthTests.xctest */,
				066596002273096400E893F5 /* WbmHealthUITests.xctest */,
			);
			name = Products;
			sourceTree = "<group>";
		};
		066595E02273096200E893F5 /* WbmHealth */ = {
			isa = PBXGroup;
			children = (
				06D5F957228A9071008E7EC4 /* WbmHealth.entitlements */,
				06D5F955228A905D008E7EC4 /* t_s.bmp */,
				066595E12273096200E893F5 /* AppDelegate.swift */,
				06575ED12282C746007E95BF /* Fonts */,
				066F8C6C227AF0E300451E6D /* Utils */,
				06BDB92422734821007F4ED2 /* Cells */,
				06D5F95E228AC469008E7EC4 /* Tuya */,
				066596142273229200E893F5 /* Model */,
				066596132273228500E893F5 /* Views */,
				066596122273227A00E893F5 /* Controllers */,
				066595EB2273096400E893F5 /* Assets.xcassets */,
				066595ED2273096400E893F5 /* LaunchScreen.storyboard */,
				066595F02273096400E893F5 /* Info.plist */,
				066595E82273096200E893F5 /* WbmHealth.xcdatamodeld */,
			);
			path = WbmHealth;
			sourceTree = "<group>";
		};
		066595F82273096400E893F5 /* WbmHealthTests */ = {
			isa = PBXGroup;
			children = (
				066595F92273096400E893F5 /* WbmHealthTests.swift */,
				066595FB2273096400E893F5 /* Info.plist */,
			);
			path = WbmHealthTests;
			sourceTree = "<group>";
		};
		066596032273096400E893F5 /* WbmHealthUITests */ = {
			isa = PBXGroup;
			children = (
				066596042273096400E893F5 /* WbmHealthUITests.swift */,
				066596062273096400E893F5 /* Info.plist */,
			);
			path = WbmHealthUITests;
			sourceTree = "<group>";
		};
		066596122273227A00E893F5 /* Controllers */ = {
			isa = PBXGroup;
			children = (
				066595E32273096200E893F5 /* ViewController.swift */,
				064FFEF1227AD4CF004ED6A1 /* Doctor Controller */,
				064FFEF0227AD476004ED6A1 /* Hospital Controllers */,
				064FFEEF227AD418004ED6A1 /* Labortary */,
				064FFEEE227AD3FA004ED6A1 /* Appointment */,
				067E2D922276BBA700E313A7 /* Workout Controllers */,
				06BDB92722734B4F007F4ED2 /* SideViewController */,
				067E2DAB227741F300E313A7 /* ContactusViewController.swift */,
				065039862278192100F83929 /* PrivacyPolicyViewController.swift */,
				065AC0B222786BDA0099B7BF /* MedicalHistoryViewController.swift */,
				065B036422816057006EBA5A /* CarePlanViewController.swift */,
				06575E9422829A98007E95BF /* SeeADocViewController.swift */,
				06575E9C2282B413007E95BF /* VisitForViewController.swift */,
				06575EA02282B44F007E95BF /* VisitReasonViewController.swift */,
				06575EFE2282D0F0007E95BF /* SymptomsViewController.swift */,
				06575F022282EAEA007E95BF /* MedicalViewController.swift */,
				065FFE842283E9BC009D2AD3 /* AddChildViewController.swift */,
				065FFE862284263E009D2AD3 /* scheduleViewController.swift */,
				065FFE8822842694009D2AD3 /* SpecialityViewController.swift */,
				0661BAFC2289441B00D459B2 /* DoctorViewController.swift */,
				0661BAFE2289452000D459B2 /* DoctorBioViewController.swift */,
				0660ABDF228D32AA001BFFD0 /* AvailabilityViewController.swift */,
			);
			path = Controllers;
			sourceTree = "<group>";
		};
		066596132273228500E893F5 /* Views */ = {
			isa = PBXGroup;
			children = (
				066595E52273096200E893F5 /* Main.storyboard */,
				06D5F94D228A8514008E7EC4 /* Registration.storyboard */,
			);
			path = Views;
			sourceTree = "<group>";
		};
		066596142273229200E893F5 /* Model */ = {
			isa = PBXGroup;
			children = (
				06BDB9252273493E007F4ED2 /* SideMenu.swift */,
				066F8C71227B19DD00451E6D /* Labortaries.swift */,
				067A64E622802E1100E51319 /* LabCategory.swift */,
				067A64E8228036FC00E51319 /* LabDetail.swift */,
				067A64EA228037CA00E51319 /* Test.swift */,
				067A64EC2280384400E51319 /* Photo.swift */,
				065FFE8C22842DE0009D2AD3 /* Speciality.swift */,
				0661BB0222895BF600D459B2 /* Doctor.swift */,
				067A9AE9228EB6BC00242F32 /* DocBio.swift */,
				068E777022927EB30015210C /* Qualification.swift */,
				068E7773229286050015210C /* ExperianceDetails.swift */,
			);
			path = Model;
			sourceTree = "<group>";
		};
		066F8C6C227AF0E300451E6D /* Utils */ = {
			isa = PBXGroup;
			children = (
				06BDB92222734811007F4ED2 /* AppUtils.swift */,
				066F8C6D227AF11000451E6D /* WbmDefaults.swift */,
				068E777722928B710015210C /* TextField.swift */,
				06575E9822829CD8007E95BF /* Utils.swift */,
			);
			path = Utils;
			sourceTree = "<group>";
		};
		067E2D922276BBA700E313A7 /* Workout Controllers */ = {
			isa = PBXGroup;
			children = (
				B350BDCC227592E2000447BC /* WorkoutViewController.swift */,
				06AB20772276B57500FF00C7 /* WorkoutCategoriesController.swift */,
				06AB20792276B59100FF00C7 /* WorkoutDetailViewController.swift */,
			);
			path = "Workout Controllers";
			sourceTree = "<group>";
		};
		06BDB92422734821007F4ED2 /* Cells */ = {
			isa = PBXGroup;
			children = (
				067E2DA12277118E00E313A7 /* HospitalTableViewCell.swift */,
				06BDB92022734348007F4ED2 /* LeftTableViewCell.swift */,
				B3E64D602274C84500C1A9A9 /* TopCollectionViewCell.swift */,
				B3E64D622274C85B00C1A9A9 /* TestCollectionViewCell.swift */,
				B350BDCE22759320000447BC /* WorkoutCollectionCell.swift */,
				06AB207B2276B6A800FF00C7 /* WorkoutCategoryCollectionCell.swift */,
				067E2D932276D10A00E313A7 /* LabortaryTableViewCell.swift */,
				067E2D992276E42300E313A7 /* LabCategoryTableViewCell.swift */,
				067E2DA722772F0C00E313A7 /* DoctorsTableViewCell.swift */,
				067E2DA52277258E00E313A7 /* SeeDocTableViewCell.swift */,
				065AC0B6227878BC0099B7BF /* MedicalHistoryCollectionViewCell.swift */,
				065B0366228160A1006EBA5A /* CarePlanTableViewCell.swift */,
				06575E9622829AAF007E95BF /* SeeADocTableViewCell.swift */,
				06575EA22282B47F007E95BF /* VisitReasonTableViewCell.swift */,
				06575F002282D182007E95BF /* SymptomsTableViewCell.swift */,
				06575F042282ECEC007E95BF /* MedicalTableViewCell.swift */,
				065FFE8A228427E5009D2AD3 /* SpecialityTableViewCell.swift */,
				0661BB002289484800D459B2 /* DoctorTableViewCell.swift */,
				0660ABDD228D328A001BFFD0 /* AvailabilityTableViewCell.swift */,
				067A9AEB228ECE5D00242F32 /* LanguageCollectionViewCell.swift */,
				068E776A229272F10015210C /* ExperianceTableViewCell.swift */,
				068E776C229273070015210C /* QualificationTableViewCell.swift */,
			);
			path = Cells;
			sourceTree = "<group>";
		};
		06BDB92722734B4F007F4ED2 /* SideViewController */ = {
			isa = PBXGroup;
			children = (
				06BDB91E22733BFD007F4ED2 /* MainViewController.swift */,
				06BDB92822734BD8007F4ED2 /* LeftMenuViewController.swift */,
			);
			path = SideViewController;
			sourceTree = "<group>";
		};
		06D5F95E228AC469008E7EC4 /* Tuya */ = {
			isa = PBXGroup;
			children = (
				06D5F95C228AA523008E7EC4 /* PasswordViewController.swift */,
				06D5F951228A8EAE008E7EC4 /* VerifyCodeLoginViewController.swift */,
				06D5F95A228A9F18008E7EC4 /* VerifyCodeViewController.swift */,
				06D5F953228A8EC7008E7EC4 /* RegisterEmailViewController.swift */,
				06D5F94F228A8E98008E7EC4 /* LoginViewController.swift */,
				06D5F95F228ACBF7008E7EC4 /* CreateFamilyViewController.swift */,
				06D5F962228ACC21008E7EC4 /* AddFamilyViewController.swift */,
				06D66C0F228AD6D700823E92 /* AddFamilyTableViewCell.swift */,
			);
			path = Tuya;
			sourceTree = "<group>";
		};
		15A546FC9F938F9AC88B75EA /* Pods */ = {
			isa = PBXGroup;
			children = (
				D1D66B245F7E2D7C16D56738 /* Pods-WbmHealth.debug.xcconfig */,
				5509E1C851AEFCACF00E8807 /* Pods-WbmHealth.release.xcconfig */,
				637B0DB20D158DC8719BC3EB /* Pods-WbmHealthTests.debug.xcconfig */,
				9B852DD3E4C6026F91BA58F1 /* Pods-WbmHealthTests.release.xcconfig */,
				27FECD7EE9ECC59CC5EE1342 /* Pods-WbmHealthUITests.debug.xcconfig */,
				E160FA93AE04FC83FE109753 /* Pods-WbmHealthUITests.release.xcconfig */,
			);
			path = Pods;
			sourceTree = "<group>";
		};
		EDBDFBE8FDEFB6D76A3C9980 /* Frameworks */ = {
			isa = PBXGroup;
			children = (
				5B5E1DFC782D9251946CDE69 /* Pods_WbmHealth.framework */,
				DA016A690EFDE4286F800818 /* Pods_WbmHealthTests.framework */,
				04B7D099CEA2DF8640F21630 /* Pods_WbmHealthUITests.framework */,
			);
			name = Frameworks;
			sourceTree = "<group>";
		};
/* End PBXGroup section */

/* Begin PBXNativeTarget section */
		066595DD2273096200E893F5 /* WbmHealth */ = {
			isa = PBXNativeTarget;
			buildConfigurationList = 066596092273096400E893F5 /* Build configuration list for PBXNativeTarget "WbmHealth" */;
			buildPhases = (
				2B4CA375B186A787C0FE2529 /* [CP] Check Pods Manifest.lock */,
				066595DA2273096200E893F5 /* Sources */,
				066595DB2273096200E893F5 /* Frameworks */,
				066595DC2273096200E893F5 /* Resources */,
				D54BF7E260598F383343B877 /* [CP] Embed Pods Frameworks */,
				C778FC3289BC8F8CC5D46227 /* [CP] Copy Pods Resources */,
			);
			buildRules = (
			);
			dependencies = (
			);
			name = WbmHealth;
			productName = WbmHealth;
			productReference = 066595DE2273096200E893F5 /* WbmHealth.app */;
			productType = "com.apple.product-type.application";
		};
		066595F42273096400E893F5 /* WbmHealthTests */ = {
			isa = PBXNativeTarget;
			buildConfigurationList = 0665960C2273096400E893F5 /* Build configuration list for PBXNativeTarget "WbmHealthTests" */;
			buildPhases = (
				631C6993C1326C5D9126D0D5 /* [CP] Check Pods Manifest.lock */,
				066595F12273096400E893F5 /* Sources */,
				066595F22273096400E893F5 /* Frameworks */,
				066595F32273096400E893F5 /* Resources */,
			);
			buildRules = (
			);
			dependencies = (
				066595F72273096400E893F5 /* PBXTargetDependency */,
			);
			name = WbmHealthTests;
			productName = WbmHealthTests;
			productReference = 066595F52273096400E893F5 /* WbmHealthTests.xctest */;
			productType = "com.apple.product-type.bundle.unit-test";
		};
		066595FF2273096400E893F5 /* WbmHealthUITests */ = {
			isa = PBXNativeTarget;
			buildConfigurationList = 0665960F2273096400E893F5 /* Build configuration list for PBXNativeTarget "WbmHealthUITests" */;
			buildPhases = (
				C311A0201EF733E42C0F8A2D /* [CP] Check Pods Manifest.lock */,
				066595FC2273096400E893F5 /* Sources */,
				066595FD2273096400E893F5 /* Frameworks */,
				066595FE2273096400E893F5 /* Resources */,
			);
			buildRules = (
			);
			dependencies = (
				066596022273096400E893F5 /* PBXTargetDependency */,
			);
			name = WbmHealthUITests;
			productName = WbmHealthUITests;
			productReference = 066596002273096400E893F5 /* WbmHealthUITests.xctest */;
			productType = "com.apple.product-type.bundle.ui-testing";
		};
/* End PBXNativeTarget section */

/* Begin PBXProject section */
		066595D62273096200E893F5 /* Project object */ = {
			isa = PBXProject;
			attributes = {
				LastSwiftUpdateCheck = 1010;
				LastUpgradeCheck = 1010;
				ORGANIZATIONNAME = WBM;
				TargetAttributes = {
					066595DD2273096200E893F5 = {
						CreatedOnToolsVersion = 10.1;
						SystemCapabilities = {
							com.apple.AccessWiFi = {
								enabled = 1;
							};
							com.apple.InAppPurchase = {
								enabled = 0;
							};
							com.apple.Keychain = {
								enabled = 0;
							};
							com.apple.Push = {
								enabled = 1;
							};
						};
					};
					066595F42273096400E893F5 = {
						CreatedOnToolsVersion = 10.1;
						TestTargetID = 066595DD2273096200E893F5;
					};
					066595FF2273096400E893F5 = {
						CreatedOnToolsVersion = 10.1;
						TestTargetID = 066595DD2273096200E893F5;
					};
				};
			};
			buildConfigurationList = 066595D92273096200E893F5 /* Build configuration list for PBXProject "WbmHealth" */;
			compatibilityVersion = "Xcode 9.3";
			developmentRegion = en;
			hasScannedForEncodings = 0;
			knownRegions = (
				en,
				Base,
			);
			mainGroup = 066595D52273096200E893F5;
			productRefGroup = 066595DF2273096200E893F5 /* Products */;
			projectDirPath = "";
			projectRoot = "";
			targets = (
				066595DD2273096200E893F5 /* WbmHealth */,
				066595F42273096400E893F5 /* WbmHealthTests */,
				066595FF2273096400E893F5 /* WbmHealthUITests */,
			);
		};
/* End PBXProject section */

/* Begin PBXResourcesBuildPhase section */
		066595DC2273096200E893F5 /* Resources */ = {
			isa = PBXResourcesBuildPhase;
			buildActionMask = 2147483647;
			files = (
				06575EEE2282C78C007E95BF /* OFL.txt in Resources */,
				06575ED62282C76E007E95BF /* CinzelDecorative-Bold.ttf in Resources */,
				06575EED2282C78C007E95BF /* Raleway-Bold.ttf in Resources */,
				06575EF62282C78C007E95BF /* Raleway-Thin.ttf in Resources */,
				06575EFB2282C78D007E95BF /* Raleway-ExtraBoldItalic.ttf in Resources */,
				06575EF52282C78C007E95BF /* Raleway-SemiBoldItalic.ttf in Resources */,
				06575EF42282C78C007E95BF /* Raleway-Regular.ttf in Resources */,
				06575EF12282C78C007E95BF /* Raleway-MediumItalic.ttf in Resources */,
				06575EFC2282C78D007E95BF /* Raleway-ExtraLight.ttf in Resources */,
				06D5F94E228A8514008E7EC4 /* Registration.storyboard in Resources */,
				06575EEC2282C78C007E95BF /* Raleway-SemiBold.ttf in Resources */,
				06575EF82282C78C007E95BF /* Raleway-BlackItalic.ttf in Resources */,
				06575ED72282C76E007E95BF /* CinzelDecorative-Black.ttf in Resources */,
				066595EF2273096400E893F5 /* LaunchScreen.storyboard in Resources */,
				06575EFA2282C78C007E95BF /* Raleway-Light.ttf in Resources */,
				06D5F956228A905D008E7EC4 /* t_s.bmp in Resources */,
				06575EF92282C78C007E95BF /* Raleway-ThinItalic.ttf in Resources */,
				06575EF32282C78C007E95BF /* Raleway-Medium.ttf in Resources */,
				06575EEB2282C78C007E95BF /* Raleway-BoldItalic.ttf in Resources */,
				066595EC2273096400E893F5 /* Assets.xcassets in Resources */,
				06575ED52282C76E007E95BF /* CinzelDecorative-Regular.ttf in Resources */,
				066595E72273096200E893F5 /* Main.storyboard in Resources */,
				06575EF72282C78C007E95BF /* Raleway-ExtraBold.ttf in Resources */,
				06575EF02282C78C007E95BF /* Raleway-Italic.ttf in Resources */,
				06575EFD2282C78D007E95BF /* Raleway-LightItalic.ttf in Resources */,
				06575EF22282C78C007E95BF /* Raleway-ExtraLightItalic.ttf in Resources */,
				06575EEF2282C78C007E95BF /* Raleway-Black.ttf in Resources */,
			);
			runOnlyForDeploymentPostprocessing = 0;
		};
		066595F32273096400E893F5 /* Resources */ = {
			isa = PBXResourcesBuildPhase;
			buildActionMask = 2147483647;
			files = (
			);
			runOnlyForDeploymentPostprocessing = 0;
		};
		066595FE2273096400E893F5 /* Resources */ = {
			isa = PBXResourcesBuildPhase;
			buildActionMask = 2147483647;
			files = (
			);
			runOnlyForDeploymentPostprocessing = 0;
		};
/* End PBXResourcesBuildPhase section */

/* Begin PBXShellScriptBuildPhase section */
		2B4CA375B186A787C0FE2529 /* [CP] Check Pods Manifest.lock */ = {
			isa = PBXShellScriptBuildPhase;
			buildActionMask = 2147483647;
			files = (
			);
			inputFileListPaths = (
			);
			inputPaths = (
				"${PODS_PODFILE_DIR_PATH}/Podfile.lock",
				"${PODS_ROOT}/Manifest.lock",
			);
			name = "[CP] Check Pods Manifest.lock";
			outputFileListPaths = (
			);
			outputPaths = (
				"$(DERIVED_FILE_DIR)/Pods-WbmHealth-checkManifestLockResult.txt",
			);
			runOnlyForDeploymentPostprocessing = 0;
			shellPath = /bin/sh;
			shellScript = "diff \"${PODS_PODFILE_DIR_PATH}/Podfile.lock\" \"${PODS_ROOT}/Manifest.lock\" > /dev/null\nif [ $? != 0 ] ; then\n    # print error to STDERR\n    echo \"error: The sandbox is not in sync with the Podfile.lock. Run 'pod install' or update your CocoaPods installation.\" >&2\n    exit 1\nfi\n# This output is used by Xcode 'outputs' to avoid re-running this script phase.\necho \"SUCCESS\" > \"${SCRIPT_OUTPUT_FILE_0}\"\n";
			showEnvVarsInLog = 0;
		};
		631C6993C1326C5D9126D0D5 /* [CP] Check Pods Manifest.lock */ = {
			isa = PBXShellScriptBuildPhase;
			buildActionMask = 2147483647;
			files = (
			);
			inputFileListPaths = (
			);
			inputPaths = (
				"${PODS_PODFILE_DIR_PATH}/Podfile.lock",
				"${PODS_ROOT}/Manifest.lock",
			);
			name = "[CP] Check Pods Manifest.lock";
			outputFileListPaths = (
			);
			outputPaths = (
				"$(DERIVED_FILE_DIR)/Pods-WbmHealthTests-checkManifestLockResult.txt",
			);
			runOnlyForDeploymentPostprocessing = 0;
			shellPath = /bin/sh;
			shellScript = "diff \"${PODS_PODFILE_DIR_PATH}/Podfile.lock\" \"${PODS_ROOT}/Manifest.lock\" > /dev/null\nif [ $? != 0 ] ; then\n    # print error to STDERR\n    echo \"error: The sandbox is not in sync with the Podfile.lock. Run 'pod install' or update your CocoaPods installation.\" >&2\n    exit 1\nfi\n# This output is used by Xcode 'outputs' to avoid re-running this script phase.\necho \"SUCCESS\" > \"${SCRIPT_OUTPUT_FILE_0}\"\n";
			showEnvVarsInLog = 0;
		};
		C311A0201EF733E42C0F8A2D /* [CP] Check Pods Manifest.lock */ = {
			isa = PBXShellScriptBuildPhase;
			buildActionMask = 2147483647;
			files = (
			);
			inputFileListPaths = (
			);
			inputPaths = (
				"${PODS_PODFILE_DIR_PATH}/Podfile.lock",
				"${PODS_ROOT}/Manifest.lock",
			);
			name = "[CP] Check Pods Manifest.lock";
			outputFileListPaths = (
			);
			outputPaths = (
				"$(DERIVED_FILE_DIR)/Pods-WbmHealthUITests-checkManifestLockResult.txt",
			);
			runOnlyForDeploymentPostprocessing = 0;
			shellPath = /bin/sh;
			shellScript = "diff \"${PODS_PODFILE_DIR_PATH}/Podfile.lock\" \"${PODS_ROOT}/Manifest.lock\" > /dev/null\nif [ $? != 0 ] ; then\n    # print error to STDERR\n    echo \"error: The sandbox is not in sync with the Podfile.lock. Run 'pod install' or update your CocoaPods installation.\" >&2\n    exit 1\nfi\n# This output is used by Xcode 'outputs' to avoid re-running this script phase.\necho \"SUCCESS\" > \"${SCRIPT_OUTPUT_FILE_0}\"\n";
			showEnvVarsInLog = 0;
		};
		C778FC3289BC8F8CC5D46227 /* [CP] Copy Pods Resources */ = {
			isa = PBXShellScriptBuildPhase;
			buildActionMask = 2147483647;
			files = (
			);
			inputFileListPaths = (
			);
			inputPaths = (
				"${PODS_ROOT}/Target Support Files/Pods-WbmHealth/Pods-WbmHealth-resources.sh",
				"${PODS_ROOT}/GoogleMaps/Maps/Frameworks/GoogleMaps.framework/Resources/GoogleMaps.bundle",
				"${PODS_ROOT}/GooglePlacePicker/Frameworks/GooglePlacePicker.framework/Resources/GooglePlacePicker.bundle",
				"${PODS_ROOT}/GooglePlaces/Frameworks/GooglePlaces.framework/Resources/GooglePlaces.bundle",
			);
			name = "[CP] Copy Pods Resources";
			outputFileListPaths = (
			);
			outputPaths = (
				"${TARGET_BUILD_DIR}/${UNLOCALIZED_RESOURCES_FOLDER_PATH}/GoogleMaps.bundle",
				"${TARGET_BUILD_DIR}/${UNLOCALIZED_RESOURCES_FOLDER_PATH}/GooglePlacePicker.bundle",
				"${TARGET_BUILD_DIR}/${UNLOCALIZED_RESOURCES_FOLDER_PATH}/GooglePlaces.bundle",
			);
			runOnlyForDeploymentPostprocessing = 0;
			shellPath = /bin/sh;
			shellScript = "\"${PODS_ROOT}/Target Support Files/Pods-WbmHealth/Pods-WbmHealth-resources.sh\"\n";
			showEnvVarsInLog = 0;
		};
		D54BF7E260598F383343B877 /* [CP] Embed Pods Frameworks */ = {
			isa = PBXShellScriptBuildPhase;
			buildActionMask = 2147483647;
			files = (
			);
			inputFileListPaths = (
			);
			inputPaths = (
				"${PODS_ROOT}/Target Support Files/Pods-WbmHealth/Pods-WbmHealth-frameworks.sh",
				"${BUILT_PRODUCTS_DIR}/Alamofire/Alamofire.framework",
				"${BUILT_PRODUCTS_DIR}/CVCalendar/CVCalendar.framework",
				"${BUILT_PRODUCTS_DIR}/CocoaAsyncSocket/CocoaAsyncSocket.framework",
				"${BUILT_PRODUCTS_DIR}/Cosmos/Cosmos.framework",
				"${BUILT_PRODUCTS_DIR}/DropDown/DropDown.framework",
				"${BUILT_PRODUCTS_DIR}/FlexibleSteppedProgressBar/FlexibleSteppedProgressBar.framework",
				"${BUILT_PRODUCTS_DIR}/GCCalendar/GCCalendar.framework",
				"${BUILT_PRODUCTS_DIR}/GoogleUtilities/GoogleUtilities.framework",
				"${BUILT_PRODUCTS_DIR}/Hero/Hero.framework",
				"${BUILT_PRODUCTS_DIR}/IQKeyboardManager/IQKeyboardManager.framework",
				"${BUILT_PRODUCTS_DIR}/LGSideMenuController/LGSideMenuController.framework",
				"${BUILT_PRODUCTS_DIR}/M13Checkbox/M13Checkbox.framework",
				"${BUILT_PRODUCTS_DIR}/MQTTClient/MQTTClient.framework",
				"${BUILT_PRODUCTS_DIR}/McPicker/McPicker.framework",
				"${BUILT_PRODUCTS_DIR}/NJKWebViewProgress/NJKWebViewProgress.framework",
				"${BUILT_PRODUCTS_DIR}/NVActivityIndicatorView/NVActivityIndicatorView.framework",
				"${BUILT_PRODUCTS_DIR}/Nominatim/Nominatim.framework",
				"${BUILT_PRODUCTS_DIR}/PickerView/PickerView.framework",
				"${BUILT_PRODUCTS_DIR}/ProgressHUD/ProgressHUD.framework",
				"${BUILT_PRODUCTS_DIR}/Protobuf/Protobuf.framework",
				"${BUILT_PRODUCTS_DIR}/Reachability/Reachability.framework",
				"${BUILT_PRODUCTS_DIR}/SkeletonView/SkeletonView.framework",
				"${BUILT_PRODUCTS_DIR}/SwiftChart/SwiftChart.framework",
				"${BUILT_PRODUCTS_DIR}/SwiftGifOrigin/SwiftGifOrigin.framework",
				"${BUILT_PRODUCTS_DIR}/SwiftToast/SwiftToast.framework",
				"${BUILT_PRODUCTS_DIR}/SwiftyJSON/SwiftyJSON.framework",
				"${BUILT_PRODUCTS_DIR}/UICKeyChainStore/UICKeyChainStore.framework",
				"${BUILT_PRODUCTS_DIR}/UICircularProgressRing/UICircularProgressRing.framework",
				"${BUILT_PRODUCTS_DIR}/YYModel/YYModel.framework",
				"${BUILT_PRODUCTS_DIR}/YouTubePlayer-Swift/YouTubePlayer_Swift.framework",
				"${BUILT_PRODUCTS_DIR}/nanopb/nanopb.framework",
				"${BUILT_PRODUCTS_DIR}/paper-onboarding/paper_onboarding.framework",
			);
			name = "[CP] Embed Pods Frameworks";
			outputFileListPaths = (
			);
			outputPaths = (
				"${TARGET_BUILD_DIR}/${FRAMEWORKS_FOLDER_PATH}/Alamofire.framework",
				"${TARGET_BUILD_DIR}/${FRAMEWORKS_FOLDER_PATH}/CVCalendar.framework",
				"${TARGET_BUILD_DIR}/${FRAMEWORKS_FOLDER_PATH}/CocoaAsyncSocket.framework",
				"${TARGET_BUILD_DIR}/${FRAMEWORKS_FOLDER_PATH}/Cosmos.framework",
				"${TARGET_BUILD_DIR}/${FRAMEWORKS_FOLDER_PATH}/DropDown.framework",
				"${TARGET_BUILD_DIR}/${FRAMEWORKS_FOLDER_PATH}/FlexibleSteppedProgressBar.framework",
				"${TARGET_BUILD_DIR}/${FRAMEWORKS_FOLDER_PATH}/GCCalendar.framework",
				"${TARGET_BUILD_DIR}/${FRAMEWORKS_FOLDER_PATH}/GoogleUtilities.framework",
				"${TARGET_BUILD_DIR}/${FRAMEWORKS_FOLDER_PATH}/Hero.framework",
				"${TARGET_BUILD_DIR}/${FRAMEWORKS_FOLDER_PATH}/IQKeyboardManager.framework",
				"${TARGET_BUILD_DIR}/${FRAMEWORKS_FOLDER_PATH}/LGSideMenuController.framework",
				"${TARGET_BUILD_DIR}/${FRAMEWORKS_FOLDER_PATH}/M13Checkbox.framework",
				"${TARGET_BUILD_DIR}/${FRAMEWORKS_FOLDER_PATH}/MQTTClient.framework",
				"${TARGET_BUILD_DIR}/${FRAMEWORKS_FOLDER_PATH}/McPicker.framework",
				"${TARGET_BUILD_DIR}/${FRAMEWORKS_FOLDER_PATH}/NJKWebViewProgress.framework",
				"${TARGET_BUILD_DIR}/${FRAMEWORKS_FOLDER_PATH}/NVActivityIndicatorView.framework",
				"${TARGET_BUILD_DIR}/${FRAMEWORKS_FOLDER_PATH}/Nominatim.framework",
				"${TARGET_BUILD_DIR}/${FRAMEWORKS_FOLDER_PATH}/PickerView.framework",
				"${TARGET_BUILD_DIR}/${FRAMEWORKS_FOLDER_PATH}/ProgressHUD.framework",
				"${TARGET_BUILD_DIR}/${FRAMEWORKS_FOLDER_PATH}/Protobuf.framework",
				"${TARGET_BUILD_DIR}/${FRAMEWORKS_FOLDER_PATH}/Reachability.framework",
				"${TARGET_BUILD_DIR}/${FRAMEWORKS_FOLDER_PATH}/SkeletonView.framework",
				"${TARGET_BUILD_DIR}/${FRAMEWORKS_FOLDER_PATH}/SwiftChart.framework",
				"${TARGET_BUILD_DIR}/${FRAMEWORKS_FOLDER_PATH}/SwiftGifOrigin.framework",
				"${TARGET_BUILD_DIR}/${FRAMEWORKS_FOLDER_PATH}/SwiftToast.framework",
				"${TARGET_BUILD_DIR}/${FRAMEWORKS_FOLDER_PATH}/SwiftyJSON.framework",
				"${TARGET_BUILD_DIR}/${FRAMEWORKS_FOLDER_PATH}/UICKeyChainStore.framework",
				"${TARGET_BUILD_DIR}/${FRAMEWORKS_FOLDER_PATH}/UICircularProgressRing.framework",
				"${TARGET_BUILD_DIR}/${FRAMEWORKS_FOLDER_PATH}/YYModel.framework",
				"${TARGET_BUILD_DIR}/${FRAMEWORKS_FOLDER_PATH}/YouTubePlayer_Swift.framework",
				"${TARGET_BUILD_DIR}/${FRAMEWORKS_FOLDER_PATH}/nanopb.framework",
				"${TARGET_BUILD_DIR}/${FRAMEWORKS_FOLDER_PATH}/paper_onboarding.framework",
			);
			runOnlyForDeploymentPostprocessing = 0;
			shellPath = /bin/sh;
			shellScript = "\"${PODS_ROOT}/Target Support Files/Pods-WbmHealth/Pods-WbmHealth-frameworks.sh\"\n";
			showEnvVarsInLog = 0;
		};
/* End PBXShellScriptBuildPhase section */

/* Begin PBXSourcesBuildPhase section */
		066595DA2273096200E893F5 /* Sources */ = {
			isa = PBXSourcesBuildPhase;
			buildActionMask = 2147483647;
			files = (
				067E2D962276D12F00E313A7 /* LabortaryViewController.swift in Sources */,
				066595E42273096200E893F5 /* ViewController.swift in Sources */,
				06575E9D2282B413007E95BF /* VisitForViewController.swift in Sources */,
				06575EA32282B47F007E95BF /* VisitReasonTableViewCell.swift in Sources */,
				067A64E9228036FC00E51319 /* LabDetail.swift in Sources */,
				B350BDCD227592E2000447BC /* WorkoutViewController.swift in Sources */,
				06575EA12282B44F007E95BF /* VisitReasonViewController.swift in Sources */,
				06575E9722829AAF007E95BF /* SeeADocTableViewCell.swift in Sources */,
				064FFEEB227AD3B1004ED6A1 /* AppointDeclinedViewController.swift in Sources */,
				066F8C72227B19DD00451E6D /* Labortaries.swift in Sources */,
				06D5F960228ACBF7008E7EC4 /* CreateFamilyViewController.swift in Sources */,
				067E2D9A2276E42300E313A7 /* LabCategoryTableViewCell.swift in Sources */,
				06D66C10228AD6D700823E92 /* AddFamilyTableViewCell.swift in Sources */,
				06AB20782276B57500FF00C7 /* WorkoutCategoriesController.swift in Sources */,
				065AC0B322786BDA0099B7BF /* MedicalHistoryViewController.swift in Sources */,
				06BDB9262273493E007F4ED2 /* SideMenu.swift in Sources */,
				068E7774229286050015210C /* ExperianceDetails.swift in Sources */,
				0661BB012289484800D459B2 /* DoctorTableViewCell.swift in Sources */,
				065AC0B1227839540099B7BF /* DocDetailViewController.swift in Sources */,
				064FFEE9227AD39A004ED6A1 /* AppointAprovedViewController.swift in Sources */,
				06575F032282EAEA007E95BF /* MedicalViewController.swift in Sources */,
				066F8C6E227AF11000451E6D /* WbmDefaults.swift in Sources */,
				065B036522816058006EBA5A /* CarePlanViewController.swift in Sources */,
				064FFEED227AD3C5004ED6A1 /* AppointPendingViewController.swift in Sources */,
				06AB207A2276B59100FF00C7 /* WorkoutDetailViewController.swift in Sources */,
				067E2D9C2276F28E00E313A7 /* LabTestDetailViewController.swift in Sources */,
				06D5F952228A8EAE008E7EC4 /* VerifyCodeLoginViewController.swift in Sources */,
				06BDB92922734BD8007F4ED2 /* LeftMenuViewController.swift in Sources */,
				06BDB92322734811007F4ED2 /* AppUtils.swift in Sources */,
				06575E9922829CD8007E95BF /* Utils.swift in Sources */,
				068E777822928B710015210C /* TextField.swift in Sources */,
				B3E64D632274C85B00C1A9A9 /* TestCollectionViewCell.swift in Sources */,
				067E2DAC227741F300E313A7 /* ContactusViewController.swift in Sources */,
				06575F052282ECEC007E95BF /* MedicalTableViewCell.swift in Sources */,
				067A9AEC228ECE5D00242F32 /* LanguageCollectionViewCell.swift in Sources */,
				067E2DA822772F0C00E313A7 /* DoctorsTableViewCell.swift in Sources */,
				065AC0B7227878BC0099B7BF /* MedicalHistoryCollectionViewCell.swift in Sources */,
				06BDB91F22733BFD007F4ED2 /* MainViewController.swift in Sources */,
				065FFE872284263E009D2AD3 /* scheduleViewController.swift in Sources */,
				0660ABDE228D328A001BFFD0 /* AvailabilityTableViewCell.swift in Sources */,
				066595E22273096200E893F5 /* AppDelegate.swift in Sources */,
				067A64ED2280384400E51319 /* Photo.swift in Sources */,
				0660ABE0228D32AA001BFFD0 /* AvailabilityViewController.swift in Sources */,
				068E776B229272F10015210C /* ExperianceTableViewCell.swift in Sources */,
				0661BB0322895BF600D459B2 /* Doctor.swift in Sources */,
				065039872278192100F83929 /* PrivacyPolicyViewController.swift in Sources */,
				067E2DA22277118E00E313A7 /* HospitalTableViewCell.swift in Sources */,
				065FFE8D22842DE0009D2AD3 /* Speciality.swift in Sources */,
				0661BAFD2289441B00D459B2 /* DoctorViewController.swift in Sources */,
				06575E9522829A98007E95BF /* SeeADocViewController.swift in Sources */,
				067E2D942276D10A00E313A7 /* LabortaryTableViewCell.swift in Sources */,
				06575F012282D182007E95BF /* SymptomsTableViewCell.swift in Sources */,
				06AB207C2276B6A800FF00C7 /* WorkoutCategoryCollectionCell.swift in Sources */,
				06D5F950228A8E98008E7EC4 /* LoginViewController.swift in Sources */,
				06BDB92122734348007F4ED2 /* LeftTableViewCell.swift in Sources */,
				06D5F95D228AA523008E7EC4 /* PasswordViewController.swift in Sources */,
				068E776D229273070015210C /* QualificationTableViewCell.swift in Sources */,
				B3E64D612274C84500C1A9A9 /* TopCollectionViewCell.swift in Sources */,
				06D5F963228ACC21008E7EC4 /* AddFamilyViewController.swift in Sources */,
				065FFE8B228427E5009D2AD3 /* SpecialityTableViewCell.swift in Sources */,
				065FFE8922842694009D2AD3 /* SpecialityViewController.swift in Sources */,
				067E2DA62277258E00E313A7 /* SeeDocTableViewCell.swift in Sources */,
				068E777122927EB30015210C /* Qualification.swift in Sources */,
				067E2D9E2277110500E313A7 /* HospitalViewController.swift in Sources */,
				067A64EB228037CA00E51319 /* Test.swift in Sources */,
				067E2DAA22772F2400E313A7 /* DoctorsViewController.swift in Sources */,
				066595EA2273096200E893F5 /* WbmHealth.xcdatamodeld in Sources */,
				067E2D982276E3FF00E313A7 /* LabCategoryViewController.swift in Sources */,
				06D5F95B228A9F18008E7EC4 /* VerifyCodeViewController.swift in Sources */,
				067A9AEA228EB6BC00242F32 /* DocBio.swift in Sources */,
				06D5F954228A8EC7008E7EC4 /* RegisterEmailViewController.swift in Sources */,
				B350BDCF22759320000447BC /* WorkoutCollectionCell.swift in Sources */,
				065FFE852283E9BC009D2AD3 /* AddChildViewController.swift in Sources */,
				067A64E722802E1100E51319 /* LabCategory.swift in Sources */,
				0661BAFF2289452000D459B2 /* DoctorBioViewController.swift in Sources */,
				06575EFF2282D0F0007E95BF /* SymptomsViewController.swift in Sources */,
				067E2DA42277251700E313A7 /* SeeDocViewController.swift in Sources */,
				065B0367228160A1006EBA5A /* CarePlanTableViewCell.swift in Sources */,
			);
			runOnlyForDeploymentPostprocessing = 0;
		};
		066595F12273096400E893F5 /* Sources */ = {
			isa = PBXSourcesBuildPhase;
			buildActionMask = 2147483647;
			files = (
				066595FA2273096400E893F5 /* WbmHealthTests.swift in Sources */,
			);
			runOnlyForDeploymentPostprocessing = 0;
		};
		066595FC2273096400E893F5 /* Sources */ = {
			isa = PBXSourcesBuildPhase;
			buildActionMask = 2147483647;
			files = (
				066596052273096400E893F5 /* WbmHealthUITests.swift in Sources */,
			);
			runOnlyForDeploymentPostprocessing = 0;
		};
/* End PBXSourcesBuildPhase section */

/* Begin PBXTargetDependency section */
		066595F72273096400E893F5 /* PBXTargetDependency */ = {
			isa = PBXTargetDependency;
			target = 066595DD2273096200E893F5 /* WbmHealth */;
			targetProxy = 066595F62273096400E893F5 /* PBXContainerItemProxy */;
		};
		066596022273096400E893F5 /* PBXTargetDependency */ = {
			isa = PBXTargetDependency;
			target = 066595DD2273096200E893F5 /* WbmHealth */;
			targetProxy = 066596012273096400E893F5 /* PBXContainerItemProxy */;
		};
/* End PBXTargetDependency section */

/* Begin PBXVariantGroup section */
		066595E52273096200E893F5 /* Main.storyboard */ = {
			isa = PBXVariantGroup;
			children = (
				066595E62273096200E893F5 /* Base */,
			);
			name = Main.storyboard;
			sourceTree = "<group>";
		};
		066595ED2273096400E893F5 /* LaunchScreen.storyboard */ = {
			isa = PBXVariantGroup;
			children = (
				066595EE2273096400E893F5 /* Base */,
			);
			name = LaunchScreen.storyboard;
			sourceTree = "<group>";
		};
/* End PBXVariantGroup section */

/* Begin XCBuildConfiguration section */
		066596072273096400E893F5 /* Debug */ = {
			isa = XCBuildConfiguration;
			buildSettings = {
				ALWAYS_SEARCH_USER_PATHS = NO;
				CLANG_ANALYZER_NONNULL = YES;
				CLANG_ANALYZER_NUMBER_OBJECT_CONVERSION = YES_AGGRESSIVE;
				CLANG_CXX_LANGUAGE_STANDARD = "gnu++14";
				CLANG_CXX_LIBRARY = "libc++";
				CLANG_ENABLE_MODULES = YES;
				CLANG_ENABLE_OBJC_ARC = YES;
				CLANG_ENABLE_OBJC_WEAK = YES;
				CLANG_WARN_BLOCK_CAPTURE_AUTORELEASING = YES;
				CLANG_WARN_BOOL_CONVERSION = YES;
				CLANG_WARN_COMMA = YES;
				CLANG_WARN_CONSTANT_CONVERSION = YES;
				CLANG_WARN_DEPRECATED_OBJC_IMPLEMENTATIONS = YES;
				CLANG_WARN_DIRECT_OBJC_ISA_USAGE = YES_ERROR;
				CLANG_WARN_DOCUMENTATION_COMMENTS = YES;
				CLANG_WARN_EMPTY_BODY = YES;
				CLANG_WARN_ENUM_CONVERSION = YES;
				CLANG_WARN_INFINITE_RECURSION = YES;
				CLANG_WARN_INT_CONVERSION = YES;
				CLANG_WARN_NON_LITERAL_NULL_CONVERSION = YES;
				CLANG_WARN_OBJC_IMPLICIT_RETAIN_SELF = YES;
				CLANG_WARN_OBJC_LITERAL_CONVERSION = YES;
				CLANG_WARN_OBJC_ROOT_CLASS = YES_ERROR;
				CLANG_WARN_RANGE_LOOP_ANALYSIS = YES;
				CLANG_WARN_STRICT_PROTOTYPES = YES;
				CLANG_WARN_SUSPICIOUS_MOVE = YES;
				CLANG_WARN_UNGUARDED_AVAILABILITY = YES_AGGRESSIVE;
				CLANG_WARN_UNREACHABLE_CODE = YES;
				CLANG_WARN__DUPLICATE_METHOD_MATCH = YES;
				CODE_SIGN_IDENTITY = "iPhone Developer";
				COPY_PHASE_STRIP = NO;
				DEBUG_INFORMATION_FORMAT = dwarf;
				ENABLE_STRICT_OBJC_MSGSEND = YES;
				ENABLE_TESTABILITY = YES;
				GCC_C_LANGUAGE_STANDARD = gnu11;
				GCC_DYNAMIC_NO_PIC = NO;
				GCC_NO_COMMON_BLOCKS = YES;
				GCC_OPTIMIZATION_LEVEL = 0;
				GCC_PREPROCESSOR_DEFINITIONS = (
					"DEBUG=1",
					"$(inherited)",
				);
				GCC_WARN_64_TO_32_BIT_CONVERSION = YES;
				GCC_WARN_ABOUT_RETURN_TYPE = YES_ERROR;
				GCC_WARN_UNDECLARED_SELECTOR = YES;
				GCC_WARN_UNINITIALIZED_AUTOS = YES_AGGRESSIVE;
				GCC_WARN_UNUSED_FUNCTION = YES;
				GCC_WARN_UNUSED_VARIABLE = YES;
				IPHONEOS_DEPLOYMENT_TARGET = 12.1;
				MTL_ENABLE_DEBUG_INFO = INCLUDE_SOURCE;
				MTL_FAST_MATH = YES;
				ONLY_ACTIVE_ARCH = YES;
				SDKROOT = iphoneos;
				SWIFT_ACTIVE_COMPILATION_CONDITIONS = DEBUG;
				SWIFT_OPTIMIZATION_LEVEL = "-Onone";
			};
			name = Debug;
		};
		066596082273096400E893F5 /* Release */ = {
			isa = XCBuildConfiguration;
			buildSettings = {
				ALWAYS_SEARCH_USER_PATHS = NO;
				CLANG_ANALYZER_NONNULL = YES;
				CLANG_ANALYZER_NUMBER_OBJECT_CONVERSION = YES_AGGRESSIVE;
				CLANG_CXX_LANGUAGE_STANDARD = "gnu++14";
				CLANG_CXX_LIBRARY = "libc++";
				CLANG_ENABLE_MODULES = YES;
				CLANG_ENABLE_OBJC_ARC = YES;
				CLANG_ENABLE_OBJC_WEAK = YES;
				CLANG_WARN_BLOCK_CAPTURE_AUTORELEASING = YES;
				CLANG_WARN_BOOL_CONVERSION = YES;
				CLANG_WARN_COMMA = YES;
				CLANG_WARN_CONSTANT_CONVERSION = YES;
				CLANG_WARN_DEPRECATED_OBJC_IMPLEMENTATIONS = YES;
				CLANG_WARN_DIRECT_OBJC_ISA_USAGE = YES_ERROR;
				CLANG_WARN_DOCUMENTATION_COMMENTS = YES;
				CLANG_WARN_EMPTY_BODY = YES;
				CLANG_WARN_ENUM_CONVERSION = YES;
				CLANG_WARN_INFINITE_RECURSION = YES;
				CLANG_WARN_INT_CONVERSION = YES;
				CLANG_WARN_NON_LITERAL_NULL_CONVERSION = YES;
				CLANG_WARN_OBJC_IMPLICIT_RETAIN_SELF = YES;
				CLANG_WARN_OBJC_LITERAL_CONVERSION = YES;
				CLANG_WARN_OBJC_ROOT_CLASS = YES_ERROR;
				CLANG_WARN_RANGE_LOOP_ANALYSIS = YES;
				CLANG_WARN_STRICT_PROTOTYPES = YES;
				CLANG_WARN_SUSPICIOUS_MOVE = YES;
				CLANG_WARN_UNGUARDED_AVAILABILITY = YES_AGGRESSIVE;
				CLANG_WARN_UNREACHABLE_CODE = YES;
				CLANG_WARN__DUPLICATE_METHOD_MATCH = YES;
				CODE_SIGN_IDENTITY = "iPhone Developer";
				COPY_PHASE_STRIP = NO;
				DEBUG_INFORMATION_FORMAT = "dwarf-with-dsym";
				ENABLE_NS_ASSERTIONS = NO;
				ENABLE_STRICT_OBJC_MSGSEND = YES;
				GCC_C_LANGUAGE_STANDARD = gnu11;
				GCC_NO_COMMON_BLOCKS = YES;
				GCC_WARN_64_TO_32_BIT_CONVERSION = YES;
				GCC_WARN_ABOUT_RETURN_TYPE = YES_ERROR;
				GCC_WARN_UNDECLARED_SELECTOR = YES;
				GCC_WARN_UNINITIALIZED_AUTOS = YES_AGGRESSIVE;
				GCC_WARN_UNUSED_FUNCTION = YES;
				GCC_WARN_UNUSED_VARIABLE = YES;
				IPHONEOS_DEPLOYMENT_TARGET = 12.1;
				MTL_ENABLE_DEBUG_INFO = NO;
				MTL_FAST_MATH = YES;
				SDKROOT = iphoneos;
				SWIFT_COMPILATION_MODE = wholemodule;
				SWIFT_OPTIMIZATION_LEVEL = "-O";
				VALIDATE_PRODUCT = YES;
			};
			name = Release;
		};
		0665960A2273096400E893F5 /* Debug */ = {
			isa = XCBuildConfiguration;
			baseConfigurationReference = D1D66B245F7E2D7C16D56738 /* Pods-WbmHealth.debug.xcconfig */;
			buildSettings = {
				ASSETCATALOG_COMPILER_APPICON_NAME = AppIcon;
				CODE_SIGN_ENTITLEMENTS = WbmHealth/WbmHealth.entitlements;
				CODE_SIGN_IDENTITY = "iPhone Developer";
				CODE_SIGN_STYLE = Automatic;
				DEVELOPMENT_TEAM = 9A7874J6KG;
				INFOPLIST_FILE = WbmHealth/Info.plist;
				LD_RUNPATH_SEARCH_PATHS = (
					"$(inherited)",
					"@executable_path/Frameworks",
				);
				PRODUCT_BUNDLE_IDENTIFIER = Wbm.WbmHealth;
				PRODUCT_NAME = "$(TARGET_NAME)";
				SWIFT_VERSION = 4.2;
				TARGETED_DEVICE_FAMILY = 1;
			};
			name = Debug;
		};
		0665960B2273096400E893F5 /* Release */ = {
			isa = XCBuildConfiguration;
			baseConfigurationReference = 5509E1C851AEFCACF00E8807 /* Pods-WbmHealth.release.xcconfig */;
			buildSettings = {
				ASSETCATALOG_COMPILER_APPICON_NAME = AppIcon;
				CODE_SIGN_ENTITLEMENTS = WbmHealth/WbmHealth.entitlements;
				CODE_SIGN_IDENTITY = "iPhone Developer";
				CODE_SIGN_STYLE = Automatic;
				DEVELOPMENT_TEAM = 9A7874J6KG;
				INFOPLIST_FILE = WbmHealth/Info.plist;
				LD_RUNPATH_SEARCH_PATHS = (
					"$(inherited)",
					"@executable_path/Frameworks",
				);
				PRODUCT_BUNDLE_IDENTIFIER = Wbm.WbmHealth;
				PRODUCT_NAME = "$(TARGET_NAME)";
				SWIFT_VERSION = 4.2;
				TARGETED_DEVICE_FAMILY = 1;
			};
			name = Release;
		};
		0665960D2273096400E893F5 /* Debug */ = {
			isa = XCBuildConfiguration;
			baseConfigurationReference = 637B0DB20D158DC8719BC3EB /* Pods-WbmHealthTests.debug.xcconfig */;
			buildSettings = {
				ALWAYS_EMBED_SWIFT_STANDARD_LIBRARIES = YES;
				BUNDLE_LOADER = "$(TEST_HOST)";
				CODE_SIGN_STYLE = Automatic;
				DEVELOPMENT_TEAM = 9A7874J6KG;
				INFOPLIST_FILE = WbmHealthTests/Info.plist;
				LD_RUNPATH_SEARCH_PATHS = (
					"$(inherited)",
					"@executable_path/Frameworks",
					"@loader_path/Frameworks",
				);
				PRODUCT_BUNDLE_IDENTIFIER = Wbm.WbmHealthTests;
				PRODUCT_NAME = "$(TARGET_NAME)";
				SWIFT_VERSION = 4.2;
				TARGETED_DEVICE_FAMILY = "1,2";
				TEST_HOST = "$(BUILT_PRODUCTS_DIR)/WbmHealth.app/WbmHealth";
			};
			name = Debug;
		};
		0665960E2273096400E893F5 /* Release */ = {
			isa = XCBuildConfiguration;
			baseConfigurationReference = 9B852DD3E4C6026F91BA58F1 /* Pods-WbmHealthTests.release.xcconfig */;
			buildSettings = {
				ALWAYS_EMBED_SWIFT_STANDARD_LIBRARIES = YES;
				BUNDLE_LOADER = "$(TEST_HOST)";
				CODE_SIGN_STYLE = Automatic;
				DEVELOPMENT_TEAM = 9A7874J6KG;
				INFOPLIST_FILE = WbmHealthTests/Info.plist;
				LD_RUNPATH_SEARCH_PATHS = (
					"$(inherited)",
					"@executable_path/Frameworks",
					"@loader_path/Frameworks",
				);
				PRODUCT_BUNDLE_IDENTIFIER = Wbm.WbmHealthTests;
				PRODUCT_NAME = "$(TARGET_NAME)";
				SWIFT_VERSION = 4.2;
				TARGETED_DEVICE_FAMILY = "1,2";
				TEST_HOST = "$(BUILT_PRODUCTS_DIR)/WbmHealth.app/WbmHealth";
			};
			name = Release;
		};
		066596102273096400E893F5 /* Debug */ = {
			isa = XCBuildConfiguration;
			baseConfigurationReference = 27FECD7EE9ECC59CC5EE1342 /* Pods-WbmHealthUITests.debug.xcconfig */;
			buildSettings = {
				ALWAYS_EMBED_SWIFT_STANDARD_LIBRARIES = YES;
				CODE_SIGN_STYLE = Automatic;
				DEVELOPMENT_TEAM = 9A7874J6KG;
				INFOPLIST_FILE = WbmHealthUITests/Info.plist;
				LD_RUNPATH_SEARCH_PATHS = (
					"$(inherited)",
					"@executable_path/Frameworks",
					"@loader_path/Frameworks",
				);
				PRODUCT_BUNDLE_IDENTIFIER = Wbm.WbmHealthUITests;
				PRODUCT_NAME = "$(TARGET_NAME)";
				SWIFT_VERSION = 4.2;
				TARGETED_DEVICE_FAMILY = "1,2";
				TEST_TARGET_NAME = WbmHealth;
			};
			name = Debug;
		};
		066596112273096400E893F5 /* Release */ = {
			isa = XCBuildConfiguration;
			baseConfigurationReference = E160FA93AE04FC83FE109753 /* Pods-WbmHealthUITests.release.xcconfig */;
			buildSettings = {
				ALWAYS_EMBED_SWIFT_STANDARD_LIBRARIES = YES;
				CODE_SIGN_STYLE = Automatic;
				DEVELOPMENT_TEAM = 9A7874J6KG;
				INFOPLIST_FILE = WbmHealthUITests/Info.plist;
				LD_RUNPATH_SEARCH_PATHS = (
					"$(inherited)",
					"@executable_path/Frameworks",
					"@loader_path/Frameworks",
				);
				PRODUCT_BUNDLE_IDENTIFIER = Wbm.WbmHealthUITests;
				PRODUCT_NAME = "$(TARGET_NAME)";
				SWIFT_VERSION = 4.2;
				TARGETED_DEVICE_FAMILY = "1,2";
				TEST_TARGET_NAME = WbmHealth;
			};
			name = Release;
		};
/* End XCBuildConfiguration section */

/* Begin XCConfigurationList section */
		066595D92273096200E893F5 /* Build configuration list for PBXProject "WbmHealth" */ = {
			isa = XCConfigurationList;
			buildConfigurations = (
				066596072273096400E893F5 /* Debug */,
				066596082273096400E893F5 /* Release */,
			);
			defaultConfigurationIsVisible = 0;
			defaultConfigurationName = Release;
		};
		066596092273096400E893F5 /* Build configuration list for PBXNativeTarget "WbmHealth" */ = {
			isa = XCConfigurationList;
			buildConfigurations = (
				0665960A2273096400E893F5 /* Debug */,
				0665960B2273096400E893F5 /* Release */,
			);
			defaultConfigurationIsVisible = 0;
			defaultConfigurationName = Release;
		};
		0665960C2273096400E893F5 /* Build configuration list for PBXNativeTarget "WbmHealthTests" */ = {
			isa = XCConfigurationList;
			buildConfigurations = (
				0665960D2273096400E893F5 /* Debug */,
				0665960E2273096400E893F5 /* Release */,
			);
			defaultConfigurationIsVisible = 0;
			defaultConfigurationName = Release;
		};
		0665960F2273096400E893F5 /* Build configuration list for PBXNativeTarget "WbmHealthUITests" */ = {
			isa = XCConfigurationList;
			buildConfigurations = (
				066596102273096400E893F5 /* Debug */,
				066596112273096400E893F5 /* Release */,
			);
			defaultConfigurationIsVisible = 0;
			defaultConfigurationName = Release;
		};
/* End XCConfigurationList section */

/* Begin XCVersionGroup section */
		066595E82273096200E893F5 /* WbmHealth.xcdatamodeld */ = {
			isa = XCVersionGroup;
			children = (
				066595E92273096200E893F5 /* WbmHealth.xcdatamodel */,
			);
			currentVersion = 066595E92273096200E893F5 /* WbmHealth.xcdatamodel */;
			path = WbmHealth.xcdatamodeld;
			sourceTree = "<group>";
			versionGroupType = wrapper.xcdatamodel;
		};
/* End XCVersionGroup section */
	};
	rootObject = 066595D62273096200E893F5 /* Project object */;
}
